<?xml version="1.0" encoding="UTF-8"?>
<!DOCTYPE plist PUBLIC "-//Apple//DTD PLIST 1.0//EN" "http://www.apple.com/DTDs/PropertyList-1.0.dtd">
<plist version="1.0">
<dict>
	<key>archiveVersion</key>
	<string>1</string>
	<key>classes</key>
	<dict/>
	<key>objectVersion</key>
	<string>46</string>
	<key>objects</key>
	<dict>
		<key>29E4B3BE50B4422B965938DC</key>
		<dict>
			<key>explicitFileType</key>
			<string>archive.ar</string>
			<key>includeInIndex</key>
			<string>0</string>
			<key>isa</key>
			<string>PBXFileReference</string>
			<key>path</key>
			<string>libPods-SecretHandshakeTests.a</string>
			<key>sourceTree</key>
			<string>BUILT_PRODUCTS_DIR</string>
		</dict>
		<key>3715B0C3D07D4EF8BB0F9712</key>
		<dict>
			<key>includeInIndex</key>
			<string>1</string>
			<key>isa</key>
			<string>PBXFileReference</string>
			<key>lastKnownFileType</key>
			<string>text.xcconfig</string>
			<key>name</key>
			<string>Pods-SecretHandshake.xcconfig</string>
			<key>path</key>
			<string>Pods/Pods-SecretHandshake.xcconfig</string>
			<key>sourceTree</key>
			<string>&lt;group&gt;</string>
		</dict>
		<key>3B2835B3094E4C42945C86C7</key>
		<dict>
			<key>includeInIndex</key>
			<string>1</string>
			<key>isa</key>
			<string>PBXFileReference</string>
			<key>lastKnownFileType</key>
			<string>text.xcconfig</string>
			<key>name</key>
			<string>Pods-SecretHandshakeTests.xcconfig</string>
			<key>path</key>
			<string>Pods/Pods-SecretHandshakeTests.xcconfig</string>
			<key>sourceTree</key>
			<string>&lt;group&gt;</string>
		</dict>
		<key>3B8BE0D3A32248D9B1AAAF69</key>
		<dict>
			<key>buildActionMask</key>
			<string>2147483647</string>
			<key>files</key>
			<array/>
			<key>inputPaths</key>
			<array/>
			<key>isa</key>
			<string>PBXShellScriptBuildPhase</string>
			<key>name</key>
			<string>Check Pods Manifest.lock</string>
			<key>outputPaths</key>
			<array/>
			<key>runOnlyForDeploymentPostprocessing</key>
			<string>0</string>
			<key>shellPath</key>
			<string>/bin/sh</string>
			<key>shellScript</key>
			<string>diff "${PODS_ROOT}/../Podfile.lock" "${PODS_ROOT}/Manifest.lock" &gt; /dev/null
if [[ $? != 0 ]] ; then
    cat &lt;&lt; EOM
error: The sandbox is not in sync with the Podfile.lock. Run 'pod install' or update your CocoaPods installation.
EOM
    exit 1
fi
</string>
			<key>showEnvVarsInLog</key>
			<string>0</string>
		</dict>
		<key>4BC9ADF72ACC4D61948CE900</key>
		<dict>
			<key>buildActionMask</key>
			<string>2147483647</string>
			<key>files</key>
			<array/>
			<key>inputPaths</key>
			<array/>
			<key>isa</key>
			<string>PBXShellScriptBuildPhase</string>
			<key>name</key>
			<string>Copy Pods Resources</string>
			<key>outputPaths</key>
			<array/>
			<key>runOnlyForDeploymentPostprocessing</key>
			<string>0</string>
			<key>shellPath</key>
			<string>/bin/sh</string>
			<key>shellScript</key>
			<string>"${SRCROOT}/Pods/Pods-SecretHandshakeTests-resources.sh"
</string>
			<key>showEnvVarsInLog</key>
			<string>0</string>
		</dict>
		<key>4EF78756C34343BF9FBB128D</key>
		<dict>
			<key>fileRef</key>
			<string>E5C92916D2984533A5EE0C2B</string>
			<key>isa</key>
			<string>PBXBuildFile</string>
		</dict>
		<key>7B2BCCD7A7204470965DA70C</key>
		<dict>
			<key>buildActionMask</key>
			<string>2147483647</string>
			<key>files</key>
			<array/>
			<key>inputPaths</key>
			<array/>
			<key>isa</key>
			<string>PBXShellScriptBuildPhase</string>
			<key>name</key>
			<string>Copy Pods Resources</string>
			<key>outputPaths</key>
			<array/>
			<key>runOnlyForDeploymentPostprocessing</key>
			<string>0</string>
			<key>shellPath</key>
			<string>/bin/sh</string>
			<key>shellScript</key>
			<string>"${SRCROOT}/Pods/Pods-SecretHandshake-resources.sh"
</string>
			<key>showEnvVarsInLog</key>
			<string>0</string>
		</dict>
		<key>820B224119564FBD0044E311</key>
		<dict>
			<key>fileEncoding</key>
			<string>4</string>
			<key>isa</key>
			<string>PBXFileReference</string>
			<key>lastKnownFileType</key>
			<string>sourcecode.c.h</string>
			<key>path</key>
			<string>OAuthHandler.h</string>
			<key>sourceTree</key>
			<string>&lt;group&gt;</string>
		</dict>
		<key>820B224219564FBD0044E311</key>
		<dict>
			<key>fileEncoding</key>
			<string>4</string>
			<key>isa</key>
			<string>PBXFileReference</string>
			<key>lastKnownFileType</key>
			<string>sourcecode.c.objc</string>
			<key>path</key>
			<string>OAuthHandler.m</string>
			<key>sourceTree</key>
			<string>&lt;group&gt;</string>
		</dict>
		<key>820B224319564FBD0044E311</key>
		<dict>
			<key>fileRef</key>
			<string>820B224219564FBD0044E311</string>
			<key>isa</key>
			<string>PBXBuildFile</string>
		</dict>
		<key>825822A31953654D0098ED5B</key>
		<dict>
			<key>children</key>
			<array>
				<string>82A3C2411965F63700C241C2</string>
				<string>82B2D06419544504004C6577</string>
				<string>82A3C22E1965D12100C241C2</string>
				<string>82A3C2281964BEF700C241C2</string>
				<string>82B2D03119537157004C6577</string>
			</array>
			<key>isa</key>
			<string>PBXGroup</string>
			<key>name</key>
			<string>Helpers</string>
			<key>sourceTree</key>
			<string>&lt;group&gt;</string>
		</dict>
		<key>825822B4195365A80098ED5B</key>
		<dict>
			<key>isa</key>
			<string>PBXFileReference</string>
			<key>lastKnownFileType</key>
			<string>wrapper.framework</string>
			<key>name</key>
			<string>SystemConfiguration.framework</string>
			<key>path</key>
			<string>System/Library/Frameworks/SystemConfiguration.framework</string>
			<key>sourceTree</key>
			<string>SDKROOT</string>
		</dict>
		<key>828DE2411954C636008290BB</key>
		<dict>
			<key>fileEncoding</key>
			<string>4</string>
			<key>isa</key>
			<string>PBXFileReference</string>
			<key>lastKnownFileType</key>
			<string>text</string>
			<key>path</key>
			<string>README.md</string>
			<key>sourceTree</key>
			<string>&lt;group&gt;</string>
		</dict>
		<key>829F2E0B196CC8A8003826BF</key>
		<dict>
			<key>isa</key>
			<string>PBXFileReference</string>
			<key>lastKnownFileType</key>
			<string>text</string>
			<key>path</key>
			<string>.travis.yml</string>
			<key>sourceTree</key>
			<string>&lt;group&gt;</string>
		</dict>
		<key>829F2E0C196CC8AE003826BF</key>
		<dict>
			<key>fileRef</key>
			<string>828DE2411954C636008290BB</string>
			<key>isa</key>
			<string>PBXBuildFile</string>
		</dict>
		<key>829F2E0D196CC8B6003826BF</key>
		<dict>
			<key>fileRef</key>
			<string>829F2E0B196CC8A8003826BF</string>
			<key>isa</key>
			<string>PBXBuildFile</string>
		</dict>
		<key>829F2E0E196CC8B7003826BF</key>
		<dict>
			<key>fileRef</key>
			<string>829F2E0B196CC8A8003826BF</string>
			<key>isa</key>
			<string>PBXBuildFile</string>
		</dict>
		<key>82A3C21E1963B0A900C241C2</key>
		<dict>
			<key>fileEncoding</key>
			<string>4</string>
			<key>isa</key>
			<string>PBXFileReference</string>
			<key>lastKnownFileType</key>
			<string>sourcecode.c.h</string>
			<key>path</key>
			<string>QueryParser.h</string>
			<key>sourceTree</key>
			<string>&lt;group&gt;</string>
		</dict>
		<key>82A3C21F1963B0A900C241C2</key>
		<dict>
			<key>fileEncoding</key>
			<string>4</string>
			<key>isa</key>
			<string>PBXFileReference</string>
			<key>lastKnownFileType</key>
			<string>sourcecode.c.objc</string>
			<key>path</key>
			<string>QueryParser.m</string>
			<key>sourceTree</key>
			<string>&lt;group&gt;</string>
		</dict>
		<key>82A3C2201963B0A900C241C2</key>
		<dict>
			<key>fileRef</key>
			<string>82A3C21F1963B0A900C241C2</string>
			<key>isa</key>
			<string>PBXBuildFile</string>
		</dict>
		<key>82A3C2211963C00800C241C2</key>
		<dict>
			<key>fileEncoding</key>
			<string>4</string>
			<key>isa</key>
			<string>PBXFileReference</string>
			<key>lastKnownFileType</key>
			<string>sourcecode.c.h</string>
			<key>path</key>
			<string>OAuthHandler_Internal.h</string>
			<key>sourceTree</key>
			<string>&lt;group&gt;</string>
		</dict>
		<key>82A3C2281964BEF700C241C2</key>
		<dict>
			<key>children</key>
			<array>
				<string>82A3C2291964BF0B00C241C2</string>
				<string>82A3C22A1964BF0B00C241C2</string>
				<string>82A3C2421965FB8600C241C2</string>
			</array>
			<key>isa</key>
			<string>PBXGroup</string>
			<key>name</key>
			<string>Hacker School API</string>
			<key>sourceTree</key>
			<string>&lt;group&gt;</string>
		</dict>
		<key>82A3C2291964BF0B00C241C2</key>
		<dict>
			<key>fileEncoding</key>
			<string>4</string>
			<key>isa</key>
			<string>PBXFileReference</string>
			<key>lastKnownFileType</key>
			<string>sourcecode.c.h</string>
			<key>path</key>
			<string>HackerSchoolAPIManager.h</string>
			<key>sourceTree</key>
			<string>&lt;group&gt;</string>
		</dict>
		<key>82A3C22A1964BF0B00C241C2</key>
		<dict>
			<key>fileEncoding</key>
			<string>4</string>
			<key>isa</key>
			<string>PBXFileReference</string>
			<key>lastKnownFileType</key>
			<string>sourcecode.c.objc</string>
			<key>path</key>
			<string>HackerSchoolAPIManager.m</string>
			<key>sourceTree</key>
			<string>&lt;group&gt;</string>
		</dict>
		<key>82A3C22B1964BF0B00C241C2</key>
		<dict>
			<key>fileRef</key>
			<string>82A3C22A1964BF0B00C241C2</string>
			<key>isa</key>
			<string>PBXBuildFile</string>
		</dict>
		<key>82A3C22E1965D12100C241C2</key>
		<dict>
			<key>children</key>
			<array>
				<string>82A3C2341965D1B200C241C2</string>
				<string>82A3C2351965D1B200C241C2</string>
				<string>82A3C2441965FB9500C241C2</string>
				<string>82A3C2371965D1C000C241C2</string>
				<string>82A3C2381965D1C000C241C2</string>
				<string>82A3C2461965FBA000C241C2</string>
			</array>
			<key>isa</key>
			<string>PBXGroup</string>
			<key>name</key>
			<string>iBeacon</string>
			<key>sourceTree</key>
			<string>&lt;group&gt;</string>
		</dict>
		<key>82A3C2341965D1B200C241C2</key>
		<dict>
			<key>fileEncoding</key>
			<string>4</string>
			<key>isa</key>
			<string>PBXFileReference</string>
			<key>lastKnownFileType</key>
			<string>sourcecode.c.h</string>
			<key>path</key>
			<string>IBeaconSearchHandler.h</string>
			<key>sourceTree</key>
			<string>&lt;group&gt;</string>
		</dict>
		<key>82A3C2351965D1B200C241C2</key>
		<dict>
			<key>fileEncoding</key>
			<string>4</string>
			<key>isa</key>
			<string>PBXFileReference</string>
			<key>lastKnownFileType</key>
			<string>sourcecode.c.objc</string>
			<key>path</key>
			<string>IBeaconSearchHandler.m</string>
			<key>sourceTree</key>
			<string>&lt;group&gt;</string>
		</dict>
		<key>82A3C2361965D1B200C241C2</key>
		<dict>
			<key>fileRef</key>
			<string>82A3C2351965D1B200C241C2</string>
			<key>isa</key>
			<string>PBXBuildFile</string>
		</dict>
		<key>82A3C2371965D1C000C241C2</key>
		<dict>
			<key>fileEncoding</key>
			<string>4</string>
			<key>isa</key>
			<string>PBXFileReference</string>
			<key>lastKnownFileType</key>
			<string>sourcecode.c.h</string>
			<key>path</key>
			<string>IBeaconTransmitHandler.h</string>
			<key>sourceTree</key>
			<string>&lt;group&gt;</string>
		</dict>
		<key>82A3C2381965D1C000C241C2</key>
		<dict>
			<key>fileEncoding</key>
			<string>4</string>
			<key>isa</key>
			<string>PBXFileReference</string>
			<key>lastKnownFileType</key>
			<string>sourcecode.c.objc</string>
			<key>path</key>
			<string>IBeaconTransmitHandler.m</string>
			<key>sourceTree</key>
			<string>&lt;group&gt;</string>
		</dict>
		<key>82A3C2391965D1C000C241C2</key>
		<dict>
			<key>fileRef</key>
			<string>82A3C2381965D1C000C241C2</string>
			<key>isa</key>
			<string>PBXBuildFile</string>
		</dict>
		<key>82A3C23E1965F62E00C241C2</key>
		<dict>
			<key>fileEncoding</key>
			<string>4</string>
			<key>isa</key>
			<string>PBXFileReference</string>
			<key>lastKnownFileType</key>
			<string>sourcecode.c.h</string>
			<key>path</key>
			<string>FormattingHelpers.h</string>
			<key>sourceTree</key>
			<string>&lt;group&gt;</string>
		</dict>
		<key>82A3C23F1965F62E00C241C2</key>
		<dict>
			<key>fileEncoding</key>
			<string>4</string>
			<key>isa</key>
			<string>PBXFileReference</string>
			<key>lastKnownFileType</key>
			<string>sourcecode.c.objc</string>
			<key>path</key>
			<string>FormattingHelpers.m</string>
			<key>sourceTree</key>
			<string>&lt;group&gt;</string>
		</dict>
		<key>82A3C2401965F62E00C241C2</key>
		<dict>
			<key>fileRef</key>
			<string>82A3C23F1965F62E00C241C2</string>
			<key>isa</key>
			<string>PBXBuildFile</string>
		</dict>
		<key>82A3C2411965F63700C241C2</key>
		<dict>
			<key>children</key>
			<array>
				<string>82A3C23E1965F62E00C241C2</string>
				<string>82A3C23F1965F62E00C241C2</string>
				<string>82A3C24C1965FEDA00C241C2</string>
			</array>
			<key>isa</key>
			<string>PBXGroup</string>
			<key>name</key>
			<string>Formatting</string>
			<key>sourceTree</key>
			<string>&lt;group&gt;</string>
		</dict>
		<key>82A3C2421965FB8600C241C2</key>
		<dict>
			<key>fileEncoding</key>
			<string>4</string>
			<key>isa</key>
			<string>PBXFileReference</string>
			<key>lastKnownFileType</key>
			<string>sourcecode.c.objc</string>
			<key>name</key>
			<string>HackerSchoolAPIManagerTests.m</string>
			<key>path</key>
			<string>SecretHandshakeTests/HackerSchoolAPIManagerTests.m</string>
			<key>sourceTree</key>
			<string>SOURCE_ROOT</string>
		</dict>
		<key>82A3C2431965FB8600C241C2</key>
		<dict>
			<key>fileRef</key>
			<string>82A3C2421965FB8600C241C2</string>
			<key>isa</key>
			<string>PBXBuildFile</string>
		</dict>
		<key>82A3C2441965FB9500C241C2</key>
		<dict>
			<key>fileEncoding</key>
			<string>4</string>
			<key>isa</key>
			<string>PBXFileReference</string>
			<key>lastKnownFileType</key>
			<string>sourcecode.c.objc</string>
			<key>name</key>
			<string>IBeaconSearchHandlerTests.m</string>
			<key>path</key>
			<string>SecretHandshakeTests/IBeaconSearchHandlerTests.m</string>
			<key>sourceTree</key>
			<string>SOURCE_ROOT</string>
		</dict>
		<key>82A3C2451965FB9500C241C2</key>
		<dict>
			<key>fileRef</key>
			<string>82A3C2441965FB9500C241C2</string>
			<key>isa</key>
			<string>PBXBuildFile</string>
		</dict>
		<key>82A3C2461965FBA000C241C2</key>
		<dict>
			<key>fileEncoding</key>
			<string>4</string>
			<key>isa</key>
			<string>PBXFileReference</string>
			<key>lastKnownFileType</key>
			<string>sourcecode.c.objc</string>
			<key>name</key>
			<string>IBeaconTransmitHandlerTests.m</string>
			<key>path</key>
			<string>SecretHandshakeTests/IBeaconTransmitHandlerTests.m</string>
			<key>sourceTree</key>
			<string>SOURCE_ROOT</string>
		</dict>
		<key>82A3C2471965FBA000C241C2</key>
		<dict>
			<key>fileRef</key>
			<string>82A3C2461965FBA000C241C2</string>
			<key>isa</key>
			<string>PBXBuildFile</string>
		</dict>
		<key>82A3C2481965FBB000C241C2</key>
		<dict>
			<key>fileEncoding</key>
			<string>4</string>
			<key>isa</key>
			<string>PBXFileReference</string>
			<key>lastKnownFileType</key>
			<string>sourcecode.c.objc</string>
			<key>name</key>
			<string>OAuthHandlerTests.m</string>
			<key>path</key>
			<string>SecretHandshakeTests/OAuthHandlerTests.m</string>
			<key>sourceTree</key>
			<string>SOURCE_ROOT</string>
		</dict>
		<key>82A3C2491965FBB000C241C2</key>
		<dict>
			<key>fileRef</key>
			<string>82A3C2481965FBB000C241C2</string>
			<key>isa</key>
			<string>PBXBuildFile</string>
		</dict>
		<key>82A3C24A1965FBBA00C241C2</key>
		<dict>
			<key>fileEncoding</key>
			<string>4</string>
			<key>isa</key>
			<string>PBXFileReference</string>
			<key>lastKnownFileType</key>
			<string>sourcecode.c.objc</string>
			<key>name</key>
			<string>QueryParserTests.m</string>
			<key>path</key>
			<string>SecretHandshakeTests/QueryParserTests.m</string>
			<key>sourceTree</key>
			<string>SOURCE_ROOT</string>
		</dict>
		<key>82A3C24B1965FBBA00C241C2</key>
		<dict>
			<key>fileRef</key>
			<string>82A3C24A1965FBBA00C241C2</string>
			<key>isa</key>
			<string>PBXBuildFile</string>
		</dict>
		<key>82A3C24C1965FEDA00C241C2</key>
		<dict>
			<key>fileEncoding</key>
			<string>4</string>
			<key>isa</key>
			<string>PBXFileReference</string>
			<key>lastKnownFileType</key>
			<string>sourcecode.c.objc</string>
			<key>name</key>
			<string>FormattingHelpersTests.m</string>
			<key>path</key>
			<string>SecretHandshakeTests/FormattingHelpersTests.m</string>
			<key>sourceTree</key>
			<string>SOURCE_ROOT</string>
		</dict>
		<key>82A3C24D1965FEDA00C241C2</key>
		<dict>
			<key>fileRef</key>
			<string>82A3C24C1965FEDA00C241C2</string>
			<key>isa</key>
			<string>PBXBuildFile</string>
		</dict>
		<key>82B2D03119537157004C6577</key>
		<dict>
			<key>children</key>
			<array>
				<string>820B224119564FBD0044E311</string>
				<string>82A3C2211963C00800C241C2</string>
				<string>820B224219564FBD0044E311</string>
				<string>82A3C2481965FBB000C241C2</string>
				<string>82A3C21E1963B0A900C241C2</string>
				<string>82A3C21F1963B0A900C241C2</string>
				<string>82A3C24A1965FBBA00C241C2</string>
			</array>
			<key>isa</key>
			<string>PBXGroup</string>
			<key>name</key>
			<string>OAuth</string>
			<key>sourceTree</key>
			<string>&lt;group&gt;</string>
		</dict>
		<key>82B2D06419544504004C6577</key>
		<dict>
			<key>children</key>
			<array>
				<string>82B2D06519544513004C6577</string>
				<string>82B2D06819544513004C6577</string>
				<string>82B2D06919544513004C6577</string>
				<string>82B2D06A19544513004C6577</string>
			</array>
			<key>isa</key>
			<string>PBXGroup</string>
			<key>name</key>
			<string>TestFlight3</string>
			<key>sourceTree</key>
			<string>&lt;group&gt;</string>
		</dict>
		<key>82B2D06519544513004C6577</key>
		<dict>
			<key>isa</key>
			<string>PBXFileReference</string>
			<key>lastKnownFileType</key>
			<string>archive.ar</string>
			<key>path</key>
			<string>libTestFlight.a</string>
			<key>sourceTree</key>
			<string>&lt;group&gt;</string>
		</dict>
		<key>82B2D06819544513004C6577</key>
		<dict>
			<key>fileEncoding</key>
			<string>4</string>
			<key>isa</key>
			<string>PBXFileReference</string>
			<key>lastKnownFileType</key>
			<string>sourcecode.c.h</string>
			<key>path</key>
			<string>TestFlight.h</string>
			<key>sourceTree</key>
			<string>&lt;group&gt;</string>
		</dict>
		<key>82B2D06919544513004C6577</key>
		<dict>
			<key>fileEncoding</key>
			<string>4</string>
			<key>isa</key>
			<string>PBXFileReference</string>
			<key>lastKnownFileType</key>
			<string>sourcecode.c.h</string>
			<key>path</key>
			<string>TestFlight+AsyncLogging.h</string>
			<key>sourceTree</key>
			<string>&lt;group&gt;</string>
		</dict>
		<key>82B2D06A19544513004C6577</key>
		<dict>
			<key>fileEncoding</key>
			<string>4</string>
			<key>isa</key>
			<string>PBXFileReference</string>
			<key>lastKnownFileType</key>
			<string>sourcecode.c.h</string>
			<key>path</key>
			<string>TestFlight+ManualSessions.h</string>
			<key>sourceTree</key>
			<string>&lt;group&gt;</string>
		</dict>
		<key>82B2D06B19544513004C6577</key>
		<dict>
			<key>fileRef</key>
			<string>82B2D06519544513004C6577</string>
			<key>isa</key>
			<string>PBXBuildFile</string>
		</dict>
		<key>82B2D06E1954453B004C6577</key>
		<dict>
			<key>isa</key>
			<string>PBXFileReference</string>
			<key>lastKnownFileType</key>
			<string>compiled.mach-o.dylib</string>
			<key>name</key>
			<string>libz.dylib</string>
			<key>path</key>
			<string>usr/lib/libz.dylib</string>
			<key>sourceTree</key>
			<string>SDKROOT</string>
		</dict>
		<key>82B2D06F1954453B004C6577</key>
		<dict>
			<key>fileRef</key>
			<string>82B2D06E1954453B004C6577</string>
			<key>isa</key>
			<string>PBXBuildFile</string>
		</dict>
		<key>82B2D07019544B87004C6577</key>
		<dict>
			<key>fileEncoding</key>
			<string>4</string>
			<key>isa</key>
			<string>PBXFileReference</string>
			<key>lastKnownFileType</key>
			<string>sourcecode.c.h</string>
			<key>path</key>
			<string>SecretHandshake-Prefix.pch</string>
			<key>sourceTree</key>
			<string>&lt;group&gt;</string>
		</dict>
		<key>82DEA7F319525D1C00C526FF</key>
		<dict>
			<key>children</key>
			<array>
				<string>829F2E0B196CC8A8003826BF</string>
				<string>828DE2411954C636008290BB</string>
				<string>82DEA7FE19525D1C00C526FF</string>
				<string>82F0AE1B1952A8D5003A1014</string>
				<string>82DEA81B19525D1D00C526FF</string>
				<string>82DEA7FD19525D1C00C526FF</string>
				<string>3715B0C3D07D4EF8BB0F9712</string>
				<string>3B2835B3094E4C42945C86C7</string>
			</array>
			<key>isa</key>
			<string>PBXGroup</string>
			<key>sourceTree</key>
			<string>&lt;group&gt;</string>
		</dict>
		<key>82DEA7F419525D1C00C526FF</key>
		<dict>
			<key>attributes</key>
			<dict>
				<key>LastUpgradeCheck</key>
				<string>0600</string>
				<key>ORGANIZATIONNAME</key>
				<string>Laura Skelton</string>
				<key>TargetAttributes</key>
				<dict>
					<key>82DEA7FB19525D1C00C526FF</key>
					<dict>
						<key>CreatedOnToolsVersion</key>
						<string>6.0</string>
						<key>DevelopmentTeam</key>
						<string>887UM5M866</string>
						<key>SystemCapabilities</key>
						<dict>
							<key>com.apple.BackgroundModes</key>
							<dict>
								<key>enabled</key>
								<string>1</string>
							</dict>
						</dict>
					</dict>
					<key>82DEA81719525D1D00C526FF</key>
					<dict>
						<key>CreatedOnToolsVersion</key>
						<string>6.0</string>
						<key>TestTargetID</key>
						<string>82DEA7FB19525D1C00C526FF</string>
					</dict>
				</dict>
			</dict>
			<key>buildConfigurationList</key>
			<string>82DEA7F719525D1C00C526FF</string>
			<key>compatibilityVersion</key>
			<string>Xcode 3.2</string>
			<key>developmentRegion</key>
			<string>English</string>
			<key>hasScannedForEncodings</key>
			<string>0</string>
			<key>isa</key>
			<string>PBXProject</string>
			<key>knownRegions</key>
			<array>
				<string>en</string>
				<string>Base</string>
				<string>English</string>
			</array>
			<key>mainGroup</key>
			<string>82DEA7F319525D1C00C526FF</string>
			<key>productRefGroup</key>
			<string>82DEA7FD19525D1C00C526FF</string>
			<key>projectDirPath</key>
			<string></string>
			<key>projectReferences</key>
			<array/>
			<key>projectRoot</key>
			<string></string>
			<key>targets</key>
			<array>
				<string>82DEA7FB19525D1C00C526FF</string>
				<string>82DEA81719525D1D00C526FF</string>
			</array>
		</dict>
		<key>82DEA7F719525D1C00C526FF</key>
		<dict>
			<key>buildConfigurations</key>
			<array>
				<string>82DEA82019525D1D00C526FF</string>
				<string>82DEA82119525D1D00C526FF</string>
			</array>
			<key>defaultConfigurationIsVisible</key>
			<string>0</string>
			<key>defaultConfigurationName</key>
			<string>Release</string>
			<key>isa</key>
			<string>XCConfigurationList</string>
		</dict>
		<key>82DEA7F819525D1C00C526FF</key>
		<dict>
			<key>buildActionMask</key>
			<string>2147483647</string>
			<key>files</key>
			<array>
				<string>82A3C2391965D1C000C241C2</string>
				<string>82DEA80E19525D1C00C526FF</string>
				<string>82DEA80B19525D1C00C526FF</string>
				<string>82DEA80519525D1C00C526FF</string>
				<string>820B224319564FBD0044E311</string>
				<string>82DEA80819525D1C00C526FF</string>
				<string>82F0AE1619529160003A1014</string>
				<string>82A3C2401965F62E00C241C2</string>
				<string>82DEA80219525D1C00C526FF</string>
				<string>82F0AE131952900C003A1014</string>
				<string>82A3C22B1964BF0B00C241C2</string>
				<string>82A3C2361965D1B200C241C2</string>
				<string>82A3C2201963B0A900C241C2</string>
			</array>
			<key>isa</key>
			<string>PBXSourcesBuildPhase</string>
			<key>runOnlyForDeploymentPostprocessing</key>
			<string>0</string>
		</dict>
		<key>82DEA7F919525D1C00C526FF</key>
		<dict>
			<key>buildActionMask</key>
			<string>2147483647</string>
			<key>files</key>
			<array>
				<string>82B2D06F1954453B004C6577</string>
				<string>82B2D06B19544513004C6577</string>
				<string>82F0AE1A19529B89003A1014</string>
				<string>82F0AE1819529B83003A1014</string>
				<string>4EF78756C34343BF9FBB128D</string>
			</array>
			<key>isa</key>
			<string>PBXFrameworksBuildPhase</string>
			<key>runOnlyForDeploymentPostprocessing</key>
			<string>0</string>
		</dict>
		<key>82DEA7FA19525D1C00C526FF</key>
		<dict>
			<key>buildActionMask</key>
			<string>2147483647</string>
			<key>files</key>
			<array>
				<string>829F2E0C196CC8AE003826BF</string>
				<string>82DEA81119525D1C00C526FF</string>
				<string>829F2E0D196CC8B6003826BF</string>
				<string>82DEA81319525D1C00C526FF</string>
			</array>
			<key>isa</key>
			<string>PBXResourcesBuildPhase</string>
			<key>runOnlyForDeploymentPostprocessing</key>
			<string>0</string>
		</dict>
		<key>82DEA7FB19525D1C00C526FF</key>
		<dict>
			<key>buildConfigurationList</key>
			<string>82DEA82219525D1D00C526FF</string>
			<key>buildPhases</key>
			<array>
				<string>EF48E3C9C5B0426FA841A7D7</string>
				<string>82DEA7F819525D1C00C526FF</string>
				<string>82DEA7F919525D1C00C526FF</string>
				<string>82DEA7FA19525D1C00C526FF</string>
				<string>7B2BCCD7A7204470965DA70C</string>
			</array>
			<key>buildRules</key>
			<array/>
			<key>dependencies</key>
			<array/>
			<key>isa</key>
			<string>PBXNativeTarget</string>
			<key>name</key>
			<string>SecretHandshake</string>
			<key>productName</key>
			<string>SecretHandshake</string>
			<key>productReference</key>
			<string>82DEA7FC19525D1C00C526FF</string>
			<key>productType</key>
			<string>com.apple.product-type.application</string>
		</dict>
		<key>82DEA7FC19525D1C00C526FF</key>
		<dict>
			<key>explicitFileType</key>
			<string>wrapper.application</string>
			<key>includeInIndex</key>
			<string>0</string>
			<key>isa</key>
			<string>PBXFileReference</string>
			<key>path</key>
			<string>SecretHandshake.app</string>
			<key>sourceTree</key>
			<string>BUILT_PRODUCTS_DIR</string>
		</dict>
		<key>82DEA7FD19525D1C00C526FF</key>
		<dict>
			<key>children</key>
			<array>
				<string>82DEA7FC19525D1C00C526FF</string>
				<string>82DEA81819525D1D00C526FF</string>
			</array>
			<key>isa</key>
			<string>PBXGroup</string>
			<key>name</key>
			<string>Products</string>
			<key>sourceTree</key>
			<string>&lt;group&gt;</string>
		</dict>
		<key>82DEA7FE19525D1C00C526FF</key>
		<dict>
			<key>children</key>
			<array>
				<string>825822A31953654D0098ED5B</string>
				<string>82DEA82819525E8D00C526FF</string>
				<string>82DEA82919525E9300C526FF</string>
				<string>82DEA82E1952609B00C526FF</string>
				<string>82DEA82D1952608800C526FF</string>
				<string>82DEA7FF19525D1C00C526FF</string>
			</array>
			<key>isa</key>
			<string>PBXGroup</string>
			<key>path</key>
			<string>SecretHandshake</string>
			<key>sourceTree</key>
			<string>&lt;group&gt;</string>
		</dict>
		<key>82DEA7FF19525D1C00C526FF</key>
		<dict>
			<key>children</key>
			<array>
				<string>82B2D07019544B87004C6577</string>
				<string>82DEA80019525D1C00C526FF</string>
				<string>82DEA80119525D1C00C526FF</string>
			</array>
			<key>isa</key>
			<string>PBXGroup</string>
			<key>name</key>
			<string>Supporting Files</string>
			<key>sourceTree</key>
			<string>&lt;group&gt;</string>
		</dict>
		<key>82DEA80019525D1C00C526FF</key>
		<dict>
			<key>isa</key>
			<string>PBXFileReference</string>
			<key>lastKnownFileType</key>
			<string>text.plist.xml</string>
			<key>path</key>
			<string>Info.plist</string>
			<key>sourceTree</key>
			<string>&lt;group&gt;</string>
		</dict>
		<key>82DEA80119525D1C00C526FF</key>
		<dict>
			<key>isa</key>
			<string>PBXFileReference</string>
			<key>lastKnownFileType</key>
			<string>sourcecode.c.objc</string>
			<key>path</key>
			<string>main.m</string>
			<key>sourceTree</key>
			<string>&lt;group&gt;</string>
		</dict>
		<key>82DEA80219525D1C00C526FF</key>
		<dict>
			<key>fileRef</key>
			<string>82DEA80119525D1C00C526FF</string>
			<key>isa</key>
			<string>PBXBuildFile</string>
		</dict>
		<key>82DEA80319525D1C00C526FF</key>
		<dict>
			<key>isa</key>
			<string>PBXFileReference</string>
			<key>lastKnownFileType</key>
			<string>sourcecode.c.h</string>
			<key>path</key>
			<string>AppDelegate.h</string>
			<key>sourceTree</key>
			<string>&lt;group&gt;</string>
		</dict>
		<key>82DEA80419525D1C00C526FF</key>
		<dict>
			<key>isa</key>
			<string>PBXFileReference</string>
			<key>lastKnownFileType</key>
			<string>sourcecode.c.objc</string>
			<key>path</key>
			<string>AppDelegate.m</string>
			<key>sourceTree</key>
			<string>&lt;group&gt;</string>
		</dict>
		<key>82DEA80519525D1C00C526FF</key>
		<dict>
			<key>fileRef</key>
			<string>82DEA80419525D1C00C526FF</string>
			<key>isa</key>
			<string>PBXBuildFile</string>
		</dict>
		<key>82DEA80619525D1C00C526FF</key>
		<dict>
			<key>children</key>
			<array>
				<string>82DEA80719525D1C00C526FF</string>
			</array>
			<key>currentVersion</key>
			<string>82DEA80719525D1C00C526FF</string>
			<key>isa</key>
			<string>XCVersionGroup</string>
			<key>path</key>
			<string>SecretHandshake.xcdatamodeld</string>
			<key>sourceTree</key>
			<string>&lt;group&gt;</string>
			<key>versionGroupType</key>
			<string>wrapper.xcdatamodel</string>
		</dict>
		<key>82DEA80719525D1C00C526FF</key>
		<dict>
			<key>isa</key>
			<string>PBXFileReference</string>
			<key>lastKnownFileType</key>
			<string>wrapper.xcdatamodel</string>
			<key>path</key>
			<string>SecretHandshake.xcdatamodel</string>
			<key>sourceTree</key>
			<string>&lt;group&gt;</string>
		</dict>
		<key>82DEA80819525D1C00C526FF</key>
		<dict>
			<key>fileRef</key>
			<string>82DEA80619525D1C00C526FF</string>
			<key>isa</key>
			<string>PBXBuildFile</string>
		</dict>
		<key>82DEA80919525D1C00C526FF</key>
		<dict>
			<key>isa</key>
			<string>PBXFileReference</string>
			<key>lastKnownFileType</key>
			<string>sourcecode.c.h</string>
			<key>path</key>
			<string>MasterViewController.h</string>
			<key>sourceTree</key>
			<string>&lt;group&gt;</string>
		</dict>
		<key>82DEA80A19525D1C00C526FF</key>
		<dict>
			<key>isa</key>
			<string>PBXFileReference</string>
			<key>lastKnownFileType</key>
			<string>sourcecode.c.objc</string>
			<key>path</key>
			<string>MasterViewController.m</string>
			<key>sourceTree</key>
			<string>&lt;group&gt;</string>
		</dict>
		<key>82DEA80B19525D1C00C526FF</key>
		<dict>
			<key>fileRef</key>
			<string>82DEA80A19525D1C00C526FF</string>
			<key>isa</key>
			<string>PBXBuildFile</string>
		</dict>
		<key>82DEA80C19525D1C00C526FF</key>
		<dict>
			<key>isa</key>
			<string>PBXFileReference</string>
			<key>lastKnownFileType</key>
			<string>sourcecode.c.h</string>
			<key>path</key>
			<string>DetailViewController.h</string>
			<key>sourceTree</key>
			<string>&lt;group&gt;</string>
		</dict>
		<key>82DEA80D19525D1C00C526FF</key>
		<dict>
			<key>isa</key>
			<string>PBXFileReference</string>
			<key>lastKnownFileType</key>
			<string>sourcecode.c.objc</string>
			<key>path</key>
			<string>DetailViewController.m</string>
			<key>sourceTree</key>
			<string>&lt;group&gt;</string>
		</dict>
		<key>82DEA80E19525D1C00C526FF</key>
		<dict>
			<key>fileRef</key>
			<string>82DEA80D19525D1C00C526FF</string>
			<key>isa</key>
			<string>PBXBuildFile</string>
		</dict>
		<key>82DEA80F19525D1C00C526FF</key>
		<dict>
			<key>children</key>
			<array>
				<string>82DEA81019525D1C00C526FF</string>
			</array>
			<key>isa</key>
			<string>PBXVariantGroup</string>
			<key>name</key>
			<string>Main.storyboard</string>
			<key>sourceTree</key>
			<string>&lt;group&gt;</string>
		</dict>
		<key>82DEA81019525D1C00C526FF</key>
		<dict>
			<key>isa</key>
			<string>PBXFileReference</string>
			<key>lastKnownFileType</key>
			<string>file.storyboard</string>
			<key>name</key>
			<string>Base</string>
			<key>path</key>
			<string>Base.lproj/Main.storyboard</string>
			<key>sourceTree</key>
			<string>&lt;group&gt;</string>
		</dict>
		<key>82DEA81119525D1C00C526FF</key>
		<dict>
			<key>fileRef</key>
			<string>82DEA80F19525D1C00C526FF</string>
			<key>isa</key>
			<string>PBXBuildFile</string>
		</dict>
		<key>82DEA81219525D1C00C526FF</key>
		<dict>
			<key>isa</key>
			<string>PBXFileReference</string>
			<key>lastKnownFileType</key>
			<string>folder.assetcatalog</string>
			<key>path</key>
			<string>Images.xcassets</string>
			<key>sourceTree</key>
			<string>&lt;group&gt;</string>
		</dict>
		<key>82DEA81319525D1C00C526FF</key>
		<dict>
			<key>fileRef</key>
			<string>82DEA81219525D1C00C526FF</string>
			<key>isa</key>
			<string>PBXBuildFile</string>
		</dict>
		<key>82DEA81419525D1D00C526FF</key>
		<dict>
			<key>buildActionMask</key>
			<string>2147483647</string>
			<key>files</key>
			<array>
				<string>82A3C2471965FBA000C241C2</string>
				<string>82A3C24B1965FBBA00C241C2</string>
				<string>82A3C2431965FB8600C241C2</string>
				<string>82DEA81F19525D1D00C526FF</string>
				<string>82A3C2451965FB9500C241C2</string>
				<string>82A3C24D1965FEDA00C241C2</string>
				<string>82A3C2491965FBB000C241C2</string>
			</array>
			<key>isa</key>
			<string>PBXSourcesBuildPhase</string>
			<key>runOnlyForDeploymentPostprocessing</key>
			<string>0</string>
		</dict>
		<key>82DEA81519525D1D00C526FF</key>
		<dict>
			<key>buildActionMask</key>
			<string>2147483647</string>
			<key>files</key>
			<array>
				<string>D357401509A54B879E51028C</string>
			</array>
			<key>isa</key>
			<string>PBXFrameworksBuildPhase</string>
			<key>runOnlyForDeploymentPostprocessing</key>
			<string>0</string>
		</dict>
		<key>82DEA81619525D1D00C526FF</key>
		<dict>
			<key>buildActionMask</key>
			<string>2147483647</string>
			<key>files</key>
			<array>
				<string>829F2E0E196CC8B7003826BF</string>
			</array>
			<key>isa</key>
			<string>PBXResourcesBuildPhase</string>
			<key>runOnlyForDeploymentPostprocessing</key>
			<string>0</string>
		</dict>
		<key>82DEA81719525D1D00C526FF</key>
		<dict>
			<key>buildConfigurationList</key>
			<string>82DEA82519525D1D00C526FF</string>
			<key>buildPhases</key>
			<array>
				<string>3B8BE0D3A32248D9B1AAAF69</string>
				<string>82DEA81419525D1D00C526FF</string>
				<string>82DEA81519525D1D00C526FF</string>
				<string>82DEA81619525D1D00C526FF</string>
				<string>4BC9ADF72ACC4D61948CE900</string>
			</array>
			<key>buildRules</key>
			<array/>
			<key>dependencies</key>
			<array>
				<string>82DEA81A19525D1D00C526FF</string>
			</array>
			<key>isa</key>
			<string>PBXNativeTarget</string>
			<key>name</key>
			<string>SecretHandshakeTests</string>
			<key>productName</key>
			<string>SecretHandshakeTests</string>
			<key>productReference</key>
			<string>82DEA81819525D1D00C526FF</string>
			<key>productType</key>
			<string>com.apple.product-type.bundle.unit-test</string>
		</dict>
		<key>82DEA81819525D1D00C526FF</key>
		<dict>
			<key>explicitFileType</key>
			<string>wrapper.cfbundle</string>
			<key>includeInIndex</key>
			<string>0</string>
			<key>isa</key>
			<string>PBXFileReference</string>
			<key>path</key>
			<string>SecretHandshakeTests.xctest</string>
			<key>sourceTree</key>
			<string>BUILT_PRODUCTS_DIR</string>
		</dict>
		<key>82DEA81919525D1D00C526FF</key>
		<dict>
			<key>containerPortal</key>
			<string>82DEA7F419525D1C00C526FF</string>
			<key>isa</key>
			<string>PBXContainerItemProxy</string>
			<key>proxyType</key>
			<string>1</string>
			<key>remoteGlobalIDString</key>
			<string>82DEA7FB19525D1C00C526FF</string>
			<key>remoteInfo</key>
			<string>SecretHandshake</string>
		</dict>
		<key>82DEA81A19525D1D00C526FF</key>
		<dict>
			<key>isa</key>
			<string>PBXTargetDependency</string>
			<key>target</key>
			<string>82DEA7FB19525D1C00C526FF</string>
			<key>targetProxy</key>
			<string>82DEA81919525D1D00C526FF</string>
		</dict>
		<key>82DEA81B19525D1D00C526FF</key>
		<dict>
			<key>children</key>
			<array>
				<string>82DEA81E19525D1D00C526FF</string>
				<string>82DEA81C19525D1D00C526FF</string>
			</array>
			<key>isa</key>
			<string>PBXGroup</string>
			<key>path</key>
			<string>SecretHandshakeTests</string>
			<key>sourceTree</key>
			<string>&lt;group&gt;</string>
		</dict>
		<key>82DEA81C19525D1D00C526FF</key>
		<dict>
			<key>children</key>
			<array>
				<string>82DEA81D19525D1D00C526FF</string>
			</array>
			<key>isa</key>
			<string>PBXGroup</string>
			<key>name</key>
			<string>Supporting Files</string>
			<key>sourceTree</key>
			<string>&lt;group&gt;</string>
		</dict>
		<key>82DEA81D19525D1D00C526FF</key>
		<dict>
			<key>isa</key>
			<string>PBXFileReference</string>
			<key>lastKnownFileType</key>
			<string>text.plist.xml</string>
			<key>path</key>
			<string>Info.plist</string>
			<key>sourceTree</key>
			<string>&lt;group&gt;</string>
		</dict>
		<key>82DEA81E19525D1D00C526FF</key>
		<dict>
			<key>isa</key>
			<string>PBXFileReference</string>
			<key>lastKnownFileType</key>
			<string>sourcecode.c.objc</string>
			<key>path</key>
			<string>SecretHandshakeTests.m</string>
			<key>sourceTree</key>
			<string>&lt;group&gt;</string>
		</dict>
		<key>82DEA81F19525D1D00C526FF</key>
		<dict>
			<key>fileRef</key>
			<string>82DEA81E19525D1D00C526FF</string>
			<key>isa</key>
			<string>PBXBuildFile</string>
		</dict>
		<key>82DEA82019525D1D00C526FF</key>
		<dict>
			<key>buildSettings</key>
			<dict>
				<key>ALWAYS_SEARCH_USER_PATHS</key>
				<string>NO</string>
				<key>CLANG_CXX_LANGUAGE_STANDARD</key>
				<string>gnu++0x</string>
				<key>CLANG_CXX_LIBRARY</key>
				<string>libc++</string>
				<key>CLANG_ENABLE_MODULES</key>
				<string>YES</string>
				<key>CLANG_ENABLE_OBJC_ARC</key>
				<string>YES</string>
				<key>CLANG_WARN_BOOL_CONVERSION</key>
				<string>YES</string>
				<key>CLANG_WARN_CONSTANT_CONVERSION</key>
				<string>YES</string>
				<key>CLANG_WARN_DIRECT_OBJC_ISA_USAGE</key>
				<string>YES_ERROR</string>
				<key>CLANG_WARN_EMPTY_BODY</key>
				<string>YES</string>
				<key>CLANG_WARN_ENUM_CONVERSION</key>
				<string>YES</string>
				<key>CLANG_WARN_INT_CONVERSION</key>
				<string>YES</string>
				<key>CLANG_WARN_OBJC_ROOT_CLASS</key>
				<string>YES_ERROR</string>
				<key>CLANG_WARN_UNREACHABLE_CODE</key>
				<string>YES</string>
				<key>CLANG_WARN__DUPLICATE_METHOD_MATCH</key>
				<string>YES</string>
				<key>CODE_SIGN_IDENTITY[sdk=iphoneos*]</key>
				<string>iPhone Developer</string>
				<key>COPY_PHASE_STRIP</key>
				<string>NO</string>
				<key>ENABLE_STRICT_OBJC_MSGSEND</key>
				<string>YES</string>
				<key>GCC_C_LANGUAGE_STANDARD</key>
				<string>gnu99</string>
				<key>GCC_DYNAMIC_NO_PIC</key>
				<string>NO</string>
				<key>GCC_OPTIMIZATION_LEVEL</key>
				<string>0</string>
				<key>GCC_PREPROCESSOR_DEFINITIONS</key>
				<array>
					<string>DEBUG=1</string>
					<string>$(inherited)</string>
				</array>
				<key>GCC_SYMBOLS_PRIVATE_EXTERN</key>
				<string>NO</string>
				<key>GCC_WARN_64_TO_32_BIT_CONVERSION</key>
				<string>YES</string>
				<key>GCC_WARN_ABOUT_RETURN_TYPE</key>
				<string>YES_ERROR</string>
				<key>GCC_WARN_UNDECLARED_SELECTOR</key>
				<string>YES</string>
				<key>GCC_WARN_UNINITIALIZED_AUTOS</key>
				<string>YES_AGGRESSIVE</string>
				<key>GCC_WARN_UNUSED_FUNCTION</key>
				<string>YES</string>
				<key>GCC_WARN_UNUSED_VARIABLE</key>
				<string>YES</string>
				<key>IPHONEOS_DEPLOYMENT_TARGET</key>
				<string>8.0</string>
				<key>METAL_ENABLE_DEBUG_INFO</key>
				<string>YES</string>
				<key>ONLY_ACTIVE_ARCH</key>
				<string>YES</string>
				<key>SDKROOT</key>
				<string>iphoneos</string>
			</dict>
			<key>isa</key>
			<string>XCBuildConfiguration</string>
			<key>name</key>
			<string>Debug</string>
		</dict>
		<key>82DEA82119525D1D00C526FF</key>
		<dict>
			<key>buildSettings</key>
			<dict>
				<key>ALWAYS_SEARCH_USER_PATHS</key>
				<string>NO</string>
				<key>CLANG_CXX_LANGUAGE_STANDARD</key>
				<string>gnu++0x</string>
				<key>CLANG_CXX_LIBRARY</key>
				<string>libc++</string>
				<key>CLANG_ENABLE_MODULES</key>
				<string>YES</string>
				<key>CLANG_ENABLE_OBJC_ARC</key>
				<string>YES</string>
				<key>CLANG_WARN_BOOL_CONVERSION</key>
				<string>YES</string>
				<key>CLANG_WARN_CONSTANT_CONVERSION</key>
				<string>YES</string>
				<key>CLANG_WARN_DIRECT_OBJC_ISA_USAGE</key>
				<string>YES_ERROR</string>
				<key>CLANG_WARN_EMPTY_BODY</key>
				<string>YES</string>
				<key>CLANG_WARN_ENUM_CONVERSION</key>
				<string>YES</string>
				<key>CLANG_WARN_INT_CONVERSION</key>
				<string>YES</string>
				<key>CLANG_WARN_OBJC_ROOT_CLASS</key>
				<string>YES_ERROR</string>
				<key>CLANG_WARN_UNREACHABLE_CODE</key>
				<string>YES</string>
				<key>CLANG_WARN__DUPLICATE_METHOD_MATCH</key>
				<string>YES</string>
				<key>CODE_SIGN_IDENTITY[sdk=iphoneos*]</key>
				<string>iPhone Developer</string>
				<key>COPY_PHASE_STRIP</key>
				<string>YES</string>
				<key>ENABLE_NS_ASSERTIONS</key>
				<string>NO</string>
				<key>ENABLE_STRICT_OBJC_MSGSEND</key>
				<string>YES</string>
				<key>GCC_C_LANGUAGE_STANDARD</key>
				<string>gnu99</string>
				<key>GCC_WARN_64_TO_32_BIT_CONVERSION</key>
				<string>YES</string>
				<key>GCC_WARN_ABOUT_RETURN_TYPE</key>
				<string>YES_ERROR</string>
				<key>GCC_WARN_UNDECLARED_SELECTOR</key>
				<string>YES</string>
				<key>GCC_WARN_UNINITIALIZED_AUTOS</key>
				<string>YES_AGGRESSIVE</string>
				<key>GCC_WARN_UNUSED_FUNCTION</key>
				<string>YES</string>
				<key>GCC_WARN_UNUSED_VARIABLE</key>
				<string>YES</string>
				<key>IPHONEOS_DEPLOYMENT_TARGET</key>
				<string>8.0</string>
				<key>METAL_ENABLE_DEBUG_INFO</key>
				<string>NO</string>
				<key>SDKROOT</key>
				<string>iphoneos</string>
				<key>VALIDATE_PRODUCT</key>
				<string>YES</string>
			</dict>
			<key>isa</key>
			<string>XCBuildConfiguration</string>
			<key>name</key>
			<string>Release</string>
		</dict>
		<key>82DEA82219525D1D00C526FF</key>
		<dict>
			<key>buildConfigurations</key>
			<array>
				<string>82DEA82319525D1D00C526FF</string>
				<string>82DEA82419525D1D00C526FF</string>
			</array>
			<key>defaultConfigurationIsVisible</key>
			<string>0</string>
			<key>defaultConfigurationName</key>
			<string>Release</string>
			<key>isa</key>
			<string>XCConfigurationList</string>
		</dict>
		<key>82DEA82319525D1D00C526FF</key>
		<dict>
			<key>baseConfigurationReference</key>
			<string>3715B0C3D07D4EF8BB0F9712</string>
			<key>buildSettings</key>
			<dict>
				<key>ASSETCATALOG_COMPILER_APPICON_NAME</key>
				<string>AppIcon</string>
				<key>ASSETCATALOG_COMPILER_LAUNCHIMAGE_NAME</key>
				<string>LaunchImage</string>
				<key>FRAMEWORK_SEARCH_PATHS</key>
				<array>
					<string>$(inherited)</string>
					<string>$(PROJECT_DIR)/SecretHandshake/Vendor/LROAuth2Client/Vendor/ASIHTTPRequest/External/GHUnit/Examples/MyTestable-MacOSX/Libraries</string>
					<string>$(PROJECT_DIR)/SecretHandshake/Vendor/LROAuth2Client/Vendor/yajl-objc/Project/Frameworks</string>
				</array>
				<key>GCC_PREFIX_HEADER</key>
				<string></string>
				<key>HEADER_SEARCH_PATHS</key>
				<array>
					<string>/Applications/Xcode6-Beta2.app/Contents/Developer/Toolchains/XcodeDefault.xctoolchain/usr/include</string>
					<string>$(inherited)</string>
				</array>
				<key>INFOPLIST_FILE</key>
				<string>SecretHandshake/Info.plist</string>
				<key>IPHONEOS_DEPLOYMENT_TARGET</key>
				<string>7.0</string>
				<key>LD_RUNPATH_SEARCH_PATHS</key>
				<string>$(inherited) @executable_path/Frameworks</string>
				<key>LIBRARY_SEARCH_PATHS</key>
				<array>
					<string>$(inherited)</string>
					<string>$(PROJECT_DIR)/SecretHandshake/Vendor/LROAuth2Client/Vendor/ASIHTTPRequest/External/GHUnit/Examples/MyTestable-IPhone/Libraries/libGHUnitIPhone3_0-0.4.18</string>
					<string>$(PROJECT_DIR)/SecretHandshake/Vendor/LROAuth2Client/Vendor/yajl-objc/Project-IPhone/Libraries/GHUnit</string>
					<string>$(PROJECT_DIR)/SecretHandshake</string>
				</array>
				<key>PRODUCT_NAME</key>
				<string>SecretHandshake</string>
				<key>TARGETED_DEVICE_FAMILY</key>
				<string>1,2</string>
			</dict>
			<key>isa</key>
			<string>XCBuildConfiguration</string>
			<key>name</key>
			<string>Debug</string>
		</dict>
		<key>82DEA82419525D1D00C526FF</key>
		<dict>
			<key>baseConfigurationReference</key>
			<string>3715B0C3D07D4EF8BB0F9712</string>
			<key>buildSettings</key>
			<dict>
				<key>ASSETCATALOG_COMPILER_APPICON_NAME</key>
				<string>AppIcon</string>
				<key>ASSETCATALOG_COMPILER_LAUNCHIMAGE_NAME</key>
				<string>LaunchImage</string>
				<key>CODE_SIGN_IDENTITY[sdk=iphoneos*]</key>
				<string>iPhone Distribution</string>
				<key>FRAMEWORK_SEARCH_PATHS</key>
				<array>
					<string>$(inherited)</string>
					<string>$(PROJECT_DIR)/SecretHandshake/Vendor/LROAuth2Client/Vendor/ASIHTTPRequest/External/GHUnit/Examples/MyTestable-MacOSX/Libraries</string>
					<string>$(PROJECT_DIR)/SecretHandshake/Vendor/LROAuth2Client/Vendor/yajl-objc/Project/Frameworks</string>
				</array>
				<key>GCC_PREFIX_HEADER</key>
				<string></string>
				<key>HEADER_SEARCH_PATHS</key>
				<array>
					<string>/Applications/Xcode6-Beta2.app/Contents/Developer/Toolchains/XcodeDefault.xctoolchain/usr/include</string>
					<string>$(inherited)</string>
				</array>
				<key>INFOPLIST_FILE</key>
				<string>SecretHandshake/Info.plist</string>
				<key>IPHONEOS_DEPLOYMENT_TARGET</key>
				<string>7.0</string>
				<key>LD_RUNPATH_SEARCH_PATHS</key>
				<string>$(inherited) @executable_path/Frameworks</string>
				<key>LIBRARY_SEARCH_PATHS</key>
				<array>
					<string>$(inherited)</string>
					<string>$(PROJECT_DIR)/SecretHandshake/Vendor/LROAuth2Client/Vendor/ASIHTTPRequest/External/GHUnit/Examples/MyTestable-IPhone/Libraries/libGHUnitIPhone3_0-0.4.18</string>
					<string>$(PROJECT_DIR)/SecretHandshake/Vendor/LROAuth2Client/Vendor/yajl-objc/Project-IPhone/Libraries/GHUnit</string>
					<string>$(PROJECT_DIR)/SecretHandshake</string>
				</array>
				<key>PRODUCT_NAME</key>
				<string>SecretHandshake</string>
				<key>TARGETED_DEVICE_FAMILY</key>
				<string>1,2</string>
			</dict>
			<key>isa</key>
			<string>XCBuildConfiguration</string>
			<key>name</key>
			<string>Release</string>
		</dict>
		<key>82DEA82519525D1D00C526FF</key>
		<dict>
			<key>buildConfigurations</key>
			<array>
				<string>82DEA82619525D1D00C526FF</string>
				<string>82DEA82719525D1D00C526FF</string>
			</array>
			<key>defaultConfigurationIsVisible</key>
			<string>0</string>
			<key>defaultConfigurationName</key>
			<string>Release</string>
			<key>isa</key>
			<string>XCConfigurationList</string>
		</dict>
		<key>82DEA82619525D1D00C526FF</key>
		<dict>
			<key>baseConfigurationReference</key>
			<string>3B2835B3094E4C42945C86C7</string>
			<key>buildSettings</key>
			<dict>
				<key>BUNDLE_LOADER</key>
				<string>$(BUILT_PRODUCTS_DIR)/SecretHandshake.app/SecretHandshake</string>
				<key>FRAMEWORK_SEARCH_PATHS</key>
				<array>
					<string>$(SDKROOT)/Developer/Library/Frameworks</string>
					<string>$(inherited)</string>
				</array>
				<key>GCC_PREPROCESSOR_DEFINITIONS</key>
				<array>
					<string>DEBUG=1</string>
					<string>$(inherited)</string>
				</array>
				<key>INFOPLIST_FILE</key>
				<string>SecretHandshakeTests/Info.plist</string>
				<key>IPHONEOS_DEPLOYMENT_TARGET</key>
				<string>7.1</string>
				<key>LD_RUNPATH_SEARCH_PATHS</key>
				<string>$(inherited) @executable_path/Frameworks @loader_path/Frameworks</string>
				<key>METAL_ENABLE_DEBUG_INFO</key>
				<string>YES</string>
				<key>PRODUCT_NAME</key>
				<string>$(TARGET_NAME)</string>
				<key>TEST_HOST</key>
				<string>$(BUNDLE_LOADER)</string>
			</dict>
			<key>isa</key>
			<string>XCBuildConfiguration</string>
			<key>name</key>
			<string>Debug</string>
		</dict>
		<key>82DEA82719525D1D00C526FF</key>
		<dict>
			<key>baseConfigurationReference</key>
			<string>3B2835B3094E4C42945C86C7</string>
			<key>buildSettings</key>
			<dict>
				<key>BUNDLE_LOADER</key>
				<string>$(BUILT_PRODUCTS_DIR)/SecretHandshake.app/SecretHandshake</string>
				<key>FRAMEWORK_SEARCH_PATHS</key>
				<array>
					<string>$(SDKROOT)/Developer/Library/Frameworks</string>
					<string>$(inherited)</string>
				</array>
				<key>INFOPLIST_FILE</key>
				<string>SecretHandshakeTests/Info.plist</string>
				<key>IPHONEOS_DEPLOYMENT_TARGET</key>
				<string>7.1</string>
				<key>LD_RUNPATH_SEARCH_PATHS</key>
				<string>$(inherited) @executable_path/Frameworks @loader_path/Frameworks</string>
				<key>METAL_ENABLE_DEBUG_INFO</key>
				<string>NO</string>
				<key>PRODUCT_NAME</key>
				<string>$(TARGET_NAME)</string>
				<key>TEST_HOST</key>
				<string>$(BUNDLE_LOADER)</string>
			</dict>
			<key>isa</key>
			<string>XCBuildConfiguration</string>
			<key>name</key>
			<string>Release</string>
		</dict>
		<key>82DEA82819525E8D00C526FF</key>
		<dict>
			<key>children</key>
			<array>
				<string>82DEA80319525D1C00C526FF</string>
				<string>82DEA80419525D1C00C526FF</string>
			</array>
			<key>isa</key>
			<string>PBXGroup</string>
			<key>name</key>
			<string>AppDelegate</string>
			<key>sourceTree</key>
			<string>&lt;group&gt;</string>
		</dict>
		<key>82DEA82919525E9300C526FF</key>
		<dict>
			<key>children</key>
			<array>
				<string>82DEA80919525D1C00C526FF</string>
				<string>82DEA80A19525D1C00C526FF</string>
				<string>82DEA80C19525D1C00C526FF</string>
				<string>82DEA80D19525D1C00C526FF</string>
			</array>
			<key>isa</key>
			<string>PBXGroup</string>
			<key>name</key>
			<string>ViewControllers</string>
			<key>sourceTree</key>
			<string>&lt;group&gt;</string>
		</dict>
		<key>82DEA82D1952608800C526FF</key>
		<dict>
			<key>children</key>
			<array>
				<string>82DEA80619525D1C00C526FF</string>
				<string>82F0AE1419529160003A1014</string>
				<string>82F0AE1519529160003A1014</string>
				<string>82F0AE111952900C003A1014</string>
				<string>82F0AE121952900C003A1014</string>
			</array>
			<key>isa</key>
			<string>PBXGroup</string>
			<key>name</key>
			<string>DataModel</string>
			<key>sourceTree</key>
			<string>&lt;group&gt;</string>
		</dict>
		<key>82DEA82E1952609B00C526FF</key>
		<dict>
			<key>children</key>
			<array>
				<string>82DEA80F19525D1C00C526FF</string>
				<string>82DEA81219525D1C00C526FF</string>
			</array>
			<key>isa</key>
			<string>PBXGroup</string>
			<key>name</key>
			<string>Resources</string>
			<key>sourceTree</key>
			<string>&lt;group&gt;</string>
		</dict>
		<key>82F0AE111952900C003A1014</key>
		<dict>
			<key>fileEncoding</key>
			<string>4</string>
			<key>isa</key>
			<string>PBXFileReference</string>
			<key>lastKnownFileType</key>
			<string>sourcecode.c.h</string>
			<key>path</key>
			<string>Event.h</string>
			<key>sourceTree</key>
			<string>&lt;group&gt;</string>
		</dict>
		<key>82F0AE121952900C003A1014</key>
		<dict>
			<key>fileEncoding</key>
			<string>4</string>
			<key>isa</key>
			<string>PBXFileReference</string>
			<key>lastKnownFileType</key>
			<string>sourcecode.c.objc</string>
			<key>path</key>
			<string>Event.m</string>
			<key>sourceTree</key>
			<string>&lt;group&gt;</string>
		</dict>
		<key>82F0AE131952900C003A1014</key>
		<dict>
			<key>fileRef</key>
			<string>82F0AE121952900C003A1014</string>
			<key>isa</key>
			<string>PBXBuildFile</string>
		</dict>
		<key>82F0AE1419529160003A1014</key>
		<dict>
			<key>fileEncoding</key>
			<string>4</string>
			<key>isa</key>
			<string>PBXFileReference</string>
			<key>lastKnownFileType</key>
			<string>sourcecode.c.h</string>
			<key>path</key>
			<string>HackerSchooler.h</string>
			<key>sourceTree</key>
			<string>&lt;group&gt;</string>
		</dict>
		<key>82F0AE1519529160003A1014</key>
		<dict>
			<key>fileEncoding</key>
			<string>4</string>
			<key>isa</key>
			<string>PBXFileReference</string>
			<key>lastKnownFileType</key>
			<string>sourcecode.c.objc</string>
			<key>path</key>
			<string>HackerSchooler.m</string>
			<key>sourceTree</key>
			<string>&lt;group&gt;</string>
		</dict>
		<key>82F0AE1619529160003A1014</key>
		<dict>
			<key>fileRef</key>
			<string>82F0AE1519529160003A1014</string>
			<key>isa</key>
			<string>PBXBuildFile</string>
		</dict>
		<key>82F0AE1719529B83003A1014</key>
		<dict>
			<key>isa</key>
			<string>PBXFileReference</string>
			<key>lastKnownFileType</key>
			<string>wrapper.framework</string>
			<key>name</key>
			<string>CoreBluetooth.framework</string>
			<key>path</key>
			<string>System/Library/Frameworks/CoreBluetooth.framework</string>
			<key>sourceTree</key>
			<string>SDKROOT</string>
		</dict>
		<key>82F0AE1819529B83003A1014</key>
		<dict>
			<key>fileRef</key>
			<string>82F0AE1719529B83003A1014</string>
			<key>isa</key>
			<string>PBXBuildFile</string>
		</dict>
		<key>82F0AE1919529B89003A1014</key>
		<dict>
			<key>isa</key>
			<string>PBXFileReference</string>
			<key>lastKnownFileType</key>
			<string>wrapper.framework</string>
			<key>name</key>
			<string>CoreLocation.framework</string>
			<key>path</key>
			<string>System/Library/Frameworks/CoreLocation.framework</string>
			<key>sourceTree</key>
			<string>SDKROOT</string>
		</dict>
		<key>82F0AE1A19529B89003A1014</key>
		<dict>
			<key>fileRef</key>
			<string>82F0AE1919529B89003A1014</string>
			<key>isa</key>
			<string>PBXBuildFile</string>
		</dict>
		<key>82F0AE1B1952A8D5003A1014</key>
		<dict>
			<key>children</key>
			<array>
				<string>82B2D06E1954453B004C6577</string>
				<string>825822B4195365A80098ED5B</string>
				<string>82F0AE2919534873003A1014</string>
				<string>82F0AE1919529B89003A1014</string>
				<string>82F0AE1719529B83003A1014</string>
				<string>E5C92916D2984533A5EE0C2B</string>
				<string>29E4B3BE50B4422B965938DC</string>
			</array>
			<key>isa</key>
			<string>PBXGroup</string>
			<key>name</key>
			<string>Frameworks</string>
			<key>path</key>
			<string>SecretHandshake</string>
			<key>sourceTree</key>
			<string>&lt;group&gt;</string>
		</dict>
		<key>82F0AE2919534873003A1014</key>
		<dict>
			<key>isa</key>
			<string>PBXFileReference</string>
			<key>lastKnownFileType</key>
			<string>wrapper.framework</string>
			<key>name</key>
			<string>Security.framework</string>
			<key>path</key>
			<string>System/Library/Frameworks/Security.framework</string>
			<key>sourceTree</key>
			<string>SDKROOT</string>
		</dict>
		<key>D357401509A54B879E51028C</key>
		<dict>
			<key>fileRef</key>
			<string>29E4B3BE50B4422B965938DC</string>
			<key>isa</key>
			<string>PBXBuildFile</string>
		</dict>
		<key>E5C92916D2984533A5EE0C2B</key>
		<dict>
			<key>explicitFileType</key>
			<string>archive.ar</string>
			<key>includeInIndex</key>
			<string>0</string>
			<key>isa</key>
			<string>PBXFileReference</string>
			<key>path</key>
			<string>libPods-SecretHandshake.a</string>
			<key>sourceTree</key>
			<string>BUILT_PRODUCTS_DIR</string>
		</dict>
		<key>EF48E3C9C5B0426FA841A7D7</key>
		<dict>
			<key>buildActionMask</key>
			<string>2147483647</string>
			<key>files</key>
			<array/>
			<key>inputPaths</key>
			<array/>
			<key>isa</key>
			<string>PBXShellScriptBuildPhase</string>
			<key>name</key>
			<string>Check Pods Manifest.lock</string>
			<key>outputPaths</key>
			<array/>
			<key>runOnlyForDeploymentPostprocessing</key>
			<string>0</string>
			<key>shellPath</key>
			<string>/bin/sh</string>
			<key>shellScript</key>
			<string>diff "${PODS_ROOT}/../Podfile.lock" "${PODS_ROOT}/Manifest.lock" &gt; /dev/null
if [[ $? != 0 ]] ; then
    cat &lt;&lt; EOM
error: The sandbox is not in sync with the Podfile.lock. Run 'pod install' or update your CocoaPods installation.
EOM
    exit 1
fi
</string>
			<key>showEnvVarsInLog</key>
			<string>0</string>
		</dict>
	</dict>
	<key>rootObject</key>
	<string>82DEA7F419525D1C00C526FF</string>
</dict>
</plist>
