// !$*UTF8*$!
{
	archiveVersion = 1;
	classes = {
	};
	objectVersion = 46;
	objects = {

/* Begin PBXBuildFile section */
		820B224319564FBD0044E311 /* OAuthHandler.m in Sources */ = {isa = PBXBuildFile; fileRef = 820B224219564FBD0044E311 /* OAuthHandler.m */; };
		828DE2421954C636008290BB /* README.md in Resources */ = {isa = PBXBuildFile; fileRef = 828DE2411954C636008290BB /* README.md */; };
		82A3C2201963B0A900C241C2 /* QueryParser.m in Sources */ = {isa = PBXBuildFile; fileRef = 82A3C21F1963B0A900C241C2 /* QueryParser.m */; };
		82A3C22B1964BF0B00C241C2 /* HackerSchoolAPIManager.m in Sources */ = {isa = PBXBuildFile; fileRef = 82A3C22A1964BF0B00C241C2 /* HackerSchoolAPIManager.m */; };
		82A3C2361965D1B200C241C2 /* IBeaconSearchHandler.m in Sources */ = {isa = PBXBuildFile; fileRef = 82A3C2351965D1B200C241C2 /* IBeaconSearchHandler.m */; };
		82A3C2391965D1C000C241C2 /* IBeaconTransmitHandler.m in Sources */ = {isa = PBXBuildFile; fileRef = 82A3C2381965D1C000C241C2 /* IBeaconTransmitHandler.m */; };
		82A3C2401965F62E00C241C2 /* FormattingHelpers.m in Sources */ = {isa = PBXBuildFile; fileRef = 82A3C23F1965F62E00C241C2 /* FormattingHelpers.m */; };
		82A3C2431965FB8600C241C2 /* HackerSchoolAPIManagerTests.m in Sources */ = {isa = PBXBuildFile; fileRef = 82A3C2421965FB8600C241C2 /* HackerSchoolAPIManagerTests.m */; };
		82A3C2451965FB9500C241C2 /* IBeaconSearchHandlerTests.m in Sources */ = {isa = PBXBuildFile; fileRef = 82A3C2441965FB9500C241C2 /* IBeaconSearchHandlerTests.m */; };
		82A3C2471965FBA000C241C2 /* IBeaconTransmitHandlerTests.m in Sources */ = {isa = PBXBuildFile; fileRef = 82A3C2461965FBA000C241C2 /* IBeaconTransmitHandlerTests.m */; };
		82A3C2491965FBB000C241C2 /* OAuthHandlerTests.m in Sources */ = {isa = PBXBuildFile; fileRef = 82A3C2481965FBB000C241C2 /* OAuthHandlerTests.m */; };
		82A3C24B1965FBBA00C241C2 /* QueryParserTests.m in Sources */ = {isa = PBXBuildFile; fileRef = 82A3C24A1965FBBA00C241C2 /* QueryParserTests.m */; };
		82B2D06B19544513004C6577 /* libTestFlight.a in Frameworks */ = {isa = PBXBuildFile; fileRef = 82B2D06519544513004C6577 /* libTestFlight.a */; };
		82B2D06F1954453B004C6577 /* libz.dylib in Frameworks */ = {isa = PBXBuildFile; fileRef = 82B2D06E1954453B004C6577 /* libz.dylib */; };
		82DEA80219525D1C00C526FF /* main.m in Sources */ = {isa = PBXBuildFile; fileRef = 82DEA80119525D1C00C526FF /* main.m */; };
		82DEA80519525D1C00C526FF /* AppDelegate.m in Sources */ = {isa = PBXBuildFile; fileRef = 82DEA80419525D1C00C526FF /* AppDelegate.m */; };
		82DEA80819525D1C00C526FF /* SecretHandshake.xcdatamodeld in Sources */ = {isa = PBXBuildFile; fileRef = 82DEA80619525D1C00C526FF /* SecretHandshake.xcdatamodeld */; };
		82DEA80B19525D1C00C526FF /* MasterViewController.m in Sources */ = {isa = PBXBuildFile; fileRef = 82DEA80A19525D1C00C526FF /* MasterViewController.m */; };
		82DEA80E19525D1C00C526FF /* DetailViewController.m in Sources */ = {isa = PBXBuildFile; fileRef = 82DEA80D19525D1C00C526FF /* DetailViewController.m */; };
		82DEA81119525D1C00C526FF /* Main.storyboard in Resources */ = {isa = PBXBuildFile; fileRef = 82DEA80F19525D1C00C526FF /* Main.storyboard */; };
		82DEA81319525D1C00C526FF /* Images.xcassets in Resources */ = {isa = PBXBuildFile; fileRef = 82DEA81219525D1C00C526FF /* Images.xcassets */; };
		82DEA81F19525D1D00C526FF /* SecretHandshakeTests.m in Sources */ = {isa = PBXBuildFile; fileRef = 82DEA81E19525D1D00C526FF /* SecretHandshakeTests.m */; };
		82F0AE131952900C003A1014 /* Event.m in Sources */ = {isa = PBXBuildFile; fileRef = 82F0AE121952900C003A1014 /* Event.m */; };
		82F0AE1619529160003A1014 /* HackerSchooler.m in Sources */ = {isa = PBXBuildFile; fileRef = 82F0AE1519529160003A1014 /* HackerSchooler.m */; };
		82F0AE1819529B83003A1014 /* CoreBluetooth.framework in Frameworks */ = {isa = PBXBuildFile; fileRef = 82F0AE1719529B83003A1014 /* CoreBluetooth.framework */; };
		82F0AE1A19529B89003A1014 /* CoreLocation.framework in Frameworks */ = {isa = PBXBuildFile; fileRef = 82F0AE1919529B89003A1014 /* CoreLocation.framework */; };
/* End PBXBuildFile section */

/* Begin PBXContainerItemProxy section */
		82DEA81919525D1D00C526FF /* PBXContainerItemProxy */ = {
			isa = PBXContainerItemProxy;
			containerPortal = 82DEA7F419525D1C00C526FF /* Project object */;
			proxyType = 1;
			remoteGlobalIDString = 82DEA7FB19525D1C00C526FF;
			remoteInfo = SecretHandshake;
		};
/* End PBXContainerItemProxy section */

/* Begin PBXFileReference section */
		820B224119564FBD0044E311 /* OAuthHandler.h */ = {isa = PBXFileReference; fileEncoding = 4; lastKnownFileType = sourcecode.c.h; path = OAuthHandler.h; sourceTree = "<group>"; };
		820B224219564FBD0044E311 /* OAuthHandler.m */ = {isa = PBXFileReference; fileEncoding = 4; lastKnownFileType = sourcecode.c.objc; path = OAuthHandler.m; sourceTree = "<group>"; };
		825822B4195365A80098ED5B /* SystemConfiguration.framework */ = {isa = PBXFileReference; lastKnownFileType = wrapper.framework; name = SystemConfiguration.framework; path = System/Library/Frameworks/SystemConfiguration.framework; sourceTree = SDKROOT; };
		828DE2411954C636008290BB /* README.md */ = {isa = PBXFileReference; fileEncoding = 4; lastKnownFileType = text; path = README.md; sourceTree = "<group>"; };
		82A3C21E1963B0A900C241C2 /* QueryParser.h */ = {isa = PBXFileReference; fileEncoding = 4; lastKnownFileType = sourcecode.c.h; path = QueryParser.h; sourceTree = "<group>"; };
		82A3C21F1963B0A900C241C2 /* QueryParser.m */ = {isa = PBXFileReference; fileEncoding = 4; lastKnownFileType = sourcecode.c.objc; path = QueryParser.m; sourceTree = "<group>"; };
		82A3C2211963C00800C241C2 /* OAuthHandler_Internal.h */ = {isa = PBXFileReference; fileEncoding = 4; lastKnownFileType = sourcecode.c.h; path = OAuthHandler_Internal.h; sourceTree = "<group>"; };
		82A3C2291964BF0B00C241C2 /* HackerSchoolAPIManager.h */ = {isa = PBXFileReference; fileEncoding = 4; lastKnownFileType = sourcecode.c.h; path = HackerSchoolAPIManager.h; sourceTree = "<group>"; };
		82A3C22A1964BF0B00C241C2 /* HackerSchoolAPIManager.m */ = {isa = PBXFileReference; fileEncoding = 4; lastKnownFileType = sourcecode.c.objc; path = HackerSchoolAPIManager.m; sourceTree = "<group>"; };
		82A3C2341965D1B200C241C2 /* IBeaconSearchHandler.h */ = {isa = PBXFileReference; fileEncoding = 4; lastKnownFileType = sourcecode.c.h; path = IBeaconSearchHandler.h; sourceTree = "<group>"; };
		82A3C2351965D1B200C241C2 /* IBeaconSearchHandler.m */ = {isa = PBXFileReference; fileEncoding = 4; lastKnownFileType = sourcecode.c.objc; path = IBeaconSearchHandler.m; sourceTree = "<group>"; };
		82A3C2371965D1C000C241C2 /* IBeaconTransmitHandler.h */ = {isa = PBXFileReference; fileEncoding = 4; lastKnownFileType = sourcecode.c.h; path = IBeaconTransmitHandler.h; sourceTree = "<group>"; };
		82A3C2381965D1C000C241C2 /* IBeaconTransmitHandler.m */ = {isa = PBXFileReference; fileEncoding = 4; lastKnownFileType = sourcecode.c.objc; path = IBeaconTransmitHandler.m; sourceTree = "<group>"; };
		82A3C23E1965F62E00C241C2 /* FormattingHelpers.h */ = {isa = PBXFileReference; fileEncoding = 4; lastKnownFileType = sourcecode.c.h; path = FormattingHelpers.h; sourceTree = "<group>"; };
		82A3C23F1965F62E00C241C2 /* FormattingHelpers.m */ = {isa = PBXFileReference; fileEncoding = 4; lastKnownFileType = sourcecode.c.objc; path = FormattingHelpers.m; sourceTree = "<group>"; };
		82A3C2421965FB8600C241C2 /* HackerSchoolAPIManagerTests.m */ = {isa = PBXFileReference; fileEncoding = 4; lastKnownFileType = sourcecode.c.objc; name = HackerSchoolAPIManagerTests.m; path = SecretHandshakeTests/HackerSchoolAPIManagerTests.m; sourceTree = SOURCE_ROOT; };
		82A3C2441965FB9500C241C2 /* IBeaconSearchHandlerTests.m */ = {isa = PBXFileReference; fileEncoding = 4; lastKnownFileType = sourcecode.c.objc; name = IBeaconSearchHandlerTests.m; path = SecretHandshakeTests/IBeaconSearchHandlerTests.m; sourceTree = SOURCE_ROOT; };
		82A3C2461965FBA000C241C2 /* IBeaconTransmitHandlerTests.m */ = {isa = PBXFileReference; fileEncoding = 4; lastKnownFileType = sourcecode.c.objc; name = IBeaconTransmitHandlerTests.m; path = SecretHandshakeTests/IBeaconTransmitHandlerTests.m; sourceTree = SOURCE_ROOT; };
		82A3C2481965FBB000C241C2 /* OAuthHandlerTests.m */ = {isa = PBXFileReference; fileEncoding = 4; lastKnownFileType = sourcecode.c.objc; name = OAuthHandlerTests.m; path = SecretHandshakeTests/OAuthHandlerTests.m; sourceTree = SOURCE_ROOT; };
		82A3C24A1965FBBA00C241C2 /* QueryParserTests.m */ = {isa = PBXFileReference; fileEncoding = 4; lastKnownFileType = sourcecode.c.objc; name = QueryParserTests.m; path = SecretHandshakeTests/QueryParserTests.m; sourceTree = SOURCE_ROOT; };
		82B2D06519544513004C6577 /* libTestFlight.a */ = {isa = PBXFileReference; lastKnownFileType = archive.ar; path = libTestFlight.a; sourceTree = "<group>"; };
		82B2D06819544513004C6577 /* TestFlight.h */ = {isa = PBXFileReference; fileEncoding = 4; lastKnownFileType = sourcecode.c.h; path = TestFlight.h; sourceTree = "<group>"; };
		82B2D06919544513004C6577 /* TestFlight+AsyncLogging.h */ = {isa = PBXFileReference; fileEncoding = 4; lastKnownFileType = sourcecode.c.h; path = "TestFlight+AsyncLogging.h"; sourceTree = "<group>"; };
		82B2D06A19544513004C6577 /* TestFlight+ManualSessions.h */ = {isa = PBXFileReference; fileEncoding = 4; lastKnownFileType = sourcecode.c.h; path = "TestFlight+ManualSessions.h"; sourceTree = "<group>"; };
		82B2D06E1954453B004C6577 /* libz.dylib */ = {isa = PBXFileReference; lastKnownFileType = "compiled.mach-o.dylib"; name = libz.dylib; path = usr/lib/libz.dylib; sourceTree = SDKROOT; };
		82B2D07019544B87004C6577 /* SecretHandshake-Prefix.pch */ = {isa = PBXFileReference; fileEncoding = 4; lastKnownFileType = sourcecode.c.h; path = "SecretHandshake-Prefix.pch"; sourceTree = "<group>"; };
		82DEA7FC19525D1C00C526FF /* SecretHandshake.app */ = {isa = PBXFileReference; explicitFileType = wrapper.application; includeInIndex = 0; path = SecretHandshake.app; sourceTree = BUILT_PRODUCTS_DIR; };
		82DEA80019525D1C00C526FF /* Info.plist */ = {isa = PBXFileReference; lastKnownFileType = text.plist.xml; path = Info.plist; sourceTree = "<group>"; };
		82DEA80119525D1C00C526FF /* main.m */ = {isa = PBXFileReference; lastKnownFileType = sourcecode.c.objc; path = main.m; sourceTree = "<group>"; };
		82DEA80319525D1C00C526FF /* AppDelegate.h */ = {isa = PBXFileReference; lastKnownFileType = sourcecode.c.h; path = AppDelegate.h; sourceTree = "<group>"; };
		82DEA80419525D1C00C526FF /* AppDelegate.m */ = {isa = PBXFileReference; lastKnownFileType = sourcecode.c.objc; path = AppDelegate.m; sourceTree = "<group>"; };
		82DEA80719525D1C00C526FF /* SecretHandshake.xcdatamodel */ = {isa = PBXFileReference; lastKnownFileType = wrapper.xcdatamodel; path = SecretHandshake.xcdatamodel; sourceTree = "<group>"; };
		82DEA80919525D1C00C526FF /* MasterViewController.h */ = {isa = PBXFileReference; lastKnownFileType = sourcecode.c.h; path = MasterViewController.h; sourceTree = "<group>"; };
		82DEA80A19525D1C00C526FF /* MasterViewController.m */ = {isa = PBXFileReference; lastKnownFileType = sourcecode.c.objc; path = MasterViewController.m; sourceTree = "<group>"; };
		82DEA80C19525D1C00C526FF /* DetailViewController.h */ = {isa = PBXFileReference; lastKnownFileType = sourcecode.c.h; path = DetailViewController.h; sourceTree = "<group>"; };
		82DEA80D19525D1C00C526FF /* DetailViewController.m */ = {isa = PBXFileReference; lastKnownFileType = sourcecode.c.objc; path = DetailViewController.m; sourceTree = "<group>"; };
		82DEA81019525D1C00C526FF /* Base */ = {isa = PBXFileReference; lastKnownFileType = file.storyboard; name = Base; path = Base.lproj/Main.storyboard; sourceTree = "<group>"; };
		82DEA81219525D1C00C526FF /* Images.xcassets */ = {isa = PBXFileReference; lastKnownFileType = folder.assetcatalog; path = Images.xcassets; sourceTree = "<group>"; };
		82DEA81819525D1D00C526FF /* SecretHandshakeTests.xctest */ = {isa = PBXFileReference; explicitFileType = wrapper.cfbundle; includeInIndex = 0; path = SecretHandshakeTests.xctest; sourceTree = BUILT_PRODUCTS_DIR; };
		82DEA81D19525D1D00C526FF /* Info.plist */ = {isa = PBXFileReference; lastKnownFileType = text.plist.xml; path = Info.plist; sourceTree = "<group>"; };
		82DEA81E19525D1D00C526FF /* SecretHandshakeTests.m */ = {isa = PBXFileReference; lastKnownFileType = sourcecode.c.objc; path = SecretHandshakeTests.m; sourceTree = "<group>"; };
		82F0AE111952900C003A1014 /* Event.h */ = {isa = PBXFileReference; fileEncoding = 4; lastKnownFileType = sourcecode.c.h; path = Event.h; sourceTree = "<group>"; };
		82F0AE121952900C003A1014 /* Event.m */ = {isa = PBXFileReference; fileEncoding = 4; lastKnownFileType = sourcecode.c.objc; path = Event.m; sourceTree = "<group>"; };
		82F0AE1419529160003A1014 /* HackerSchooler.h */ = {isa = PBXFileReference; fileEncoding = 4; lastKnownFileType = sourcecode.c.h; path = HackerSchooler.h; sourceTree = "<group>"; };
		82F0AE1519529160003A1014 /* HackerSchooler.m */ = {isa = PBXFileReference; fileEncoding = 4; lastKnownFileType = sourcecode.c.objc; path = HackerSchooler.m; sourceTree = "<group>"; };
		82F0AE1719529B83003A1014 /* CoreBluetooth.framework */ = {isa = PBXFileReference; lastKnownFileType = wrapper.framework; name = CoreBluetooth.framework; path = System/Library/Frameworks/CoreBluetooth.framework; sourceTree = SDKROOT; };
		82F0AE1919529B89003A1014 /* CoreLocation.framework */ = {isa = PBXFileReference; lastKnownFileType = wrapper.framework; name = CoreLocation.framework; path = System/Library/Frameworks/CoreLocation.framework; sourceTree = SDKROOT; };
		82F0AE2919534873003A1014 /* Security.framework */ = {isa = PBXFileReference; lastKnownFileType = wrapper.framework; name = Security.framework; path = System/Library/Frameworks/Security.framework; sourceTree = SDKROOT; };
/* End PBXFileReference section */

/* Begin PBXFrameworksBuildPhase section */
		82DEA7F919525D1C00C526FF /* Frameworks */ = {
			isa = PBXFrameworksBuildPhase;
			buildActionMask = 2147483647;
			files = (
				82B2D06F1954453B004C6577 /* libz.dylib in Frameworks */,
				82B2D06B19544513004C6577 /* libTestFlight.a in Frameworks */,
				82F0AE1A19529B89003A1014 /* CoreLocation.framework in Frameworks */,
				82F0AE1819529B83003A1014 /* CoreBluetooth.framework in Frameworks */,
			);
			runOnlyForDeploymentPostprocessing = 0;
		};
		82DEA81519525D1D00C526FF /* Frameworks */ = {
			isa = PBXFrameworksBuildPhase;
			buildActionMask = 2147483647;
			files = (
			);
			runOnlyForDeploymentPostprocessing = 0;
		};
/* End PBXFrameworksBuildPhase section */

/* Begin PBXGroup section */
		825822A31953654D0098ED5B /* Helpers */ = {
			isa = PBXGroup;
			children = (
				82A3C2411965F63700C241C2 /* Formatting */,
				82B2D06419544504004C6577 /* TestFlight3 */,
				82A3C22E1965D12100C241C2 /* iBeacon */,
				82A3C2281964BEF700C241C2 /* Hacker School API */,
				82B2D03119537157004C6577 /* OAuth */,
			);
			name = Helpers;
			sourceTree = "<group>";
		};
		82A3C2281964BEF700C241C2 /* Hacker School API */ = {
			isa = PBXGroup;
			children = (
				82A3C2291964BF0B00C241C2 /* HackerSchoolAPIManager.h */,
				82A3C22A1964BF0B00C241C2 /* HackerSchoolAPIManager.m */,
				82A3C2421965FB8600C241C2 /* HackerSchoolAPIManagerTests.m */,
			);
			name = "Hacker School API";
			sourceTree = "<group>";
		};
		82A3C22E1965D12100C241C2 /* iBeacon */ = {
			isa = PBXGroup;
			children = (
				82A3C2341965D1B200C241C2 /* IBeaconSearchHandler.h */,
				82A3C2351965D1B200C241C2 /* IBeaconSearchHandler.m */,
				82A3C2441965FB9500C241C2 /* IBeaconSearchHandlerTests.m */,
				82A3C2371965D1C000C241C2 /* IBeaconTransmitHandler.h */,
				82A3C2381965D1C000C241C2 /* IBeaconTransmitHandler.m */,
				82A3C2461965FBA000C241C2 /* IBeaconTransmitHandlerTests.m */,
			);
			name = iBeacon;
			sourceTree = "<group>";
		};
		82A3C2411965F63700C241C2 /* Formatting */ = {
			isa = PBXGroup;
			children = (
				82A3C23E1965F62E00C241C2 /* FormattingHelpers.h */,
				82A3C23F1965F62E00C241C2 /* FormattingHelpers.m */,
			);
			name = Formatting;
			sourceTree = "<group>";
		};
		82B2D03119537157004C6577 /* OAuth */ = {
			isa = PBXGroup;
			children = (
				820B224119564FBD0044E311 /* OAuthHandler.h */,
				82A3C2211963C00800C241C2 /* OAuthHandler_Internal.h */,
				820B224219564FBD0044E311 /* OAuthHandler.m */,
				82A3C2481965FBB000C241C2 /* OAuthHandlerTests.m */,
				82A3C21E1963B0A900C241C2 /* QueryParser.h */,
				82A3C21F1963B0A900C241C2 /* QueryParser.m */,
				82A3C24A1965FBBA00C241C2 /* QueryParserTests.m */,
			);
			name = OAuth;
			sourceTree = "<group>";
		};
		82B2D06419544504004C6577 /* TestFlight3 */ = {
			isa = PBXGroup;
			children = (
				82B2D06519544513004C6577 /* libTestFlight.a */,
				82B2D06819544513004C6577 /* TestFlight.h */,
				82B2D06919544513004C6577 /* TestFlight+AsyncLogging.h */,
				82B2D06A19544513004C6577 /* TestFlight+ManualSessions.h */,
			);
			name = TestFlight3;
			sourceTree = "<group>";
		};
		82DEA7F319525D1C00C526FF = {
			isa = PBXGroup;
			children = (
				828DE2411954C636008290BB /* README.md */,
				82DEA7FE19525D1C00C526FF /* SecretHandshake */,
				82F0AE1B1952A8D5003A1014 /* Frameworks */,
				82DEA81B19525D1D00C526FF /* SecretHandshakeTests */,
				82DEA7FD19525D1C00C526FF /* Products */,
			);
			sourceTree = "<group>";
		};
		82DEA7FD19525D1C00C526FF /* Products */ = {
			isa = PBXGroup;
			children = (
				82DEA7FC19525D1C00C526FF /* SecretHandshake.app */,
				82DEA81819525D1D00C526FF /* SecretHandshakeTests.xctest */,
			);
			name = Products;
			sourceTree = "<group>";
		};
		82DEA7FE19525D1C00C526FF /* SecretHandshake */ = {
			isa = PBXGroup;
			children = (
				825822A31953654D0098ED5B /* Helpers */,
				82DEA82819525E8D00C526FF /* AppDelegate */,
				82DEA82919525E9300C526FF /* ViewControllers */,
				82DEA82E1952609B00C526FF /* Resources */,
				82DEA82D1952608800C526FF /* DataModel */,
				82DEA7FF19525D1C00C526FF /* Supporting Files */,
			);
			path = SecretHandshake;
			sourceTree = "<group>";
		};
		82DEA7FF19525D1C00C526FF /* Supporting Files */ = {
			isa = PBXGroup;
			children = (
				82B2D07019544B87004C6577 /* SecretHandshake-Prefix.pch */,
				82DEA80019525D1C00C526FF /* Info.plist */,
				82DEA80119525D1C00C526FF /* main.m */,
			);
			name = "Supporting Files";
			sourceTree = "<group>";
		};
		82DEA81B19525D1D00C526FF /* SecretHandshakeTests */ = {
			isa = PBXGroup;
			children = (
				82DEA81E19525D1D00C526FF /* SecretHandshakeTests.m */,
				82DEA81C19525D1D00C526FF /* Supporting Files */,
			);
			path = SecretHandshakeTests;
			sourceTree = "<group>";
		};
		82DEA81C19525D1D00C526FF /* Supporting Files */ = {
			isa = PBXGroup;
			children = (
				82DEA81D19525D1D00C526FF /* Info.plist */,
			);
			name = "Supporting Files";
			sourceTree = "<group>";
		};
		82DEA82819525E8D00C526FF /* AppDelegate */ = {
			isa = PBXGroup;
			children = (
				82DEA80319525D1C00C526FF /* AppDelegate.h */,
				82DEA80419525D1C00C526FF /* AppDelegate.m */,
			);
			name = AppDelegate;
			sourceTree = "<group>";
		};
		82DEA82919525E9300C526FF /* ViewControllers */ = {
			isa = PBXGroup;
			children = (
				82DEA80919525D1C00C526FF /* MasterViewController.h */,
				82DEA80A19525D1C00C526FF /* MasterViewController.m */,
				82DEA80C19525D1C00C526FF /* DetailViewController.h */,
				82DEA80D19525D1C00C526FF /* DetailViewController.m */,
			);
			name = ViewControllers;
			sourceTree = "<group>";
		};
		82DEA82D1952608800C526FF /* DataModel */ = {
			isa = PBXGroup;
			children = (
				82DEA80619525D1C00C526FF /* SecretHandshake.xcdatamodeld */,
				82F0AE1419529160003A1014 /* HackerSchooler.h */,
				82F0AE1519529160003A1014 /* HackerSchooler.m */,
				82F0AE111952900C003A1014 /* Event.h */,
				82F0AE121952900C003A1014 /* Event.m */,
			);
			name = DataModel;
			sourceTree = "<group>";
		};
		82DEA82E1952609B00C526FF /* Resources */ = {
			isa = PBXGroup;
			children = (
				82DEA80F19525D1C00C526FF /* Main.storyboard */,
				82DEA81219525D1C00C526FF /* Images.xcassets */,
			);
			name = Resources;
			sourceTree = "<group>";
		};
		82F0AE1B1952A8D5003A1014 /* Frameworks */ = {
			isa = PBXGroup;
			children = (
				82B2D06E1954453B004C6577 /* libz.dylib */,
				825822B4195365A80098ED5B /* SystemConfiguration.framework */,
				82F0AE2919534873003A1014 /* Security.framework */,
				82F0AE1919529B89003A1014 /* CoreLocation.framework */,
				82F0AE1719529B83003A1014 /* CoreBluetooth.framework */,
			);
			name = Frameworks;
			path = SecretHandshake;
			sourceTree = "<group>";
		};
/* End PBXGroup section */

/* Begin PBXNativeTarget section */
		82DEA7FB19525D1C00C526FF /* SecretHandshake */ = {
			isa = PBXNativeTarget;
			buildConfigurationList = 82DEA82219525D1D00C526FF /* Build configuration list for PBXNativeTarget "SecretHandshake" */;
			buildPhases = (
				82DEA7F819525D1C00C526FF /* Sources */,
				82DEA7F919525D1C00C526FF /* Frameworks */,
				82DEA7FA19525D1C00C526FF /* Resources */,
			);
			buildRules = (
			);
			dependencies = (
			);
			name = SecretHandshake;
			productName = SecretHandshake;
			productReference = 82DEA7FC19525D1C00C526FF /* SecretHandshake.app */;
			productType = "com.apple.product-type.application";
		};
		82DEA81719525D1D00C526FF /* SecretHandshakeTests */ = {
			isa = PBXNativeTarget;
			buildConfigurationList = 82DEA82519525D1D00C526FF /* Build configuration list for PBXNativeTarget "SecretHandshakeTests" */;
			buildPhases = (
				82DEA81419525D1D00C526FF /* Sources */,
				82DEA81519525D1D00C526FF /* Frameworks */,
				82DEA81619525D1D00C526FF /* Resources */,
			);
			buildRules = (
			);
			dependencies = (
				82DEA81A19525D1D00C526FF /* PBXTargetDependency */,
			);
			name = SecretHandshakeTests;
			productName = SecretHandshakeTests;
			productReference = 82DEA81819525D1D00C526FF /* SecretHandshakeTests.xctest */;
			productType = "com.apple.product-type.bundle.unit-test";
		};
/* End PBXNativeTarget section */

/* Begin PBXProject section */
		82DEA7F419525D1C00C526FF /* Project object */ = {
			isa = PBXProject;
			attributes = {
				LastUpgradeCheck = 0600;
				ORGANIZATIONNAME = "Laura Skelton";
				TargetAttributes = {
					82DEA7FB19525D1C00C526FF = {
						CreatedOnToolsVersion = 6.0;
						DevelopmentTeam = 887UM5M866;
						SystemCapabilities = {
							com.apple.BackgroundModes = {
								enabled = 1;
							};
						};
					};
					82DEA81719525D1D00C526FF = {
						CreatedOnToolsVersion = 6.0;
						TestTargetID = 82DEA7FB19525D1C00C526FF;
					};
				};
			};
			buildConfigurationList = 82DEA7F719525D1C00C526FF /* Build configuration list for PBXProject "SecretHandshake" */;
			compatibilityVersion = "Xcode 3.2";
			developmentRegion = English;
			hasScannedForEncodings = 0;
			knownRegions = (
				en,
				Base,
				English,
			);
			mainGroup = 82DEA7F319525D1C00C526FF;
			productRefGroup = 82DEA7FD19525D1C00C526FF /* Products */;
			projectDirPath = "";
			projectRoot = "";
			targets = (
				82DEA7FB19525D1C00C526FF /* SecretHandshake */,
				82DEA81719525D1D00C526FF /* SecretHandshakeTests */,
			);
		};
/* End PBXProject section */

/* Begin PBXResourcesBuildPhase section */
		82DEA7FA19525D1C00C526FF /* Resources */ = {
			isa = PBXResourcesBuildPhase;
			buildActionMask = 2147483647;
			files = (
				82DEA81119525D1C00C526FF /* Main.storyboard in Resources */,
				828DE2421954C636008290BB /* README.md in Resources */,
				82DEA81319525D1C00C526FF /* Images.xcassets in Resources */,
			);
			runOnlyForDeploymentPostprocessing = 0;
		};
		82DEA81619525D1D00C526FF /* Resources */ = {
			isa = PBXResourcesBuildPhase;
			buildActionMask = 2147483647;
			files = (
			);
			runOnlyForDeploymentPostprocessing = 0;
		};
/* End PBXResourcesBuildPhase section */

/* Begin PBXSourcesBuildPhase section */
		82DEA7F819525D1C00C526FF /* Sources */ = {
			isa = PBXSourcesBuildPhase;
			buildActionMask = 2147483647;
			files = (
				82A3C2391965D1C000C241C2 /* IBeaconTransmitHandler.m in Sources */,
				82DEA80E19525D1C00C526FF /* DetailViewController.m in Sources */,
				82DEA80B19525D1C00C526FF /* MasterViewController.m in Sources */,
				82DEA80519525D1C00C526FF /* AppDelegate.m in Sources */,
				820B224319564FBD0044E311 /* OAuthHandler.m in Sources */,
				82DEA80819525D1C00C526FF /* SecretHandshake.xcdatamodeld in Sources */,
				82F0AE1619529160003A1014 /* HackerSchooler.m in Sources */,
				82A3C2401965F62E00C241C2 /* FormattingHelpers.m in Sources */,
				82DEA80219525D1C00C526FF /* main.m in Sources */,
				82F0AE131952900C003A1014 /* Event.m in Sources */,
				82A3C22B1964BF0B00C241C2 /* HackerSchoolAPIManager.m in Sources */,
				82A3C2361965D1B200C241C2 /* IBeaconSearchHandler.m in Sources */,
				82A3C2201963B0A900C241C2 /* QueryParser.m in Sources */,
			);
			runOnlyForDeploymentPostprocessing = 0;
		};
		82DEA81419525D1D00C526FF /* Sources */ = {
			isa = PBXSourcesBuildPhase;
			buildActionMask = 2147483647;
			files = (
				82A3C2471965FBA000C241C2 /* IBeaconTransmitHandlerTests.m in Sources */,
				82A3C24B1965FBBA00C241C2 /* QueryParserTests.m in Sources */,
				82A3C2431965FB8600C241C2 /* HackerSchoolAPIManagerTests.m in Sources */,
				82DEA81F19525D1D00C526FF /* SecretHandshakeTests.m in Sources */,
				82A3C2451965FB9500C241C2 /* IBeaconSearchHandlerTests.m in Sources */,
				82A3C2491965FBB000C241C2 /* OAuthHandlerTests.m in Sources */,
			);
			runOnlyForDeploymentPostprocessing = 0;
		};
/* End PBXSourcesBuildPhase section */

/* Begin PBXTargetDependency section */
		82DEA81A19525D1D00C526FF /* PBXTargetDependency */ = {
			isa = PBXTargetDependency;
			target = 82DEA7FB19525D1C00C526FF /* SecretHandshake */;
			targetProxy = 82DEA81919525D1D00C526FF /* PBXContainerItemProxy */;
		};
/* End PBXTargetDependency section */

/* Begin PBXVariantGroup section */
		82DEA80F19525D1C00C526FF /* Main.storyboard */ = {
			isa = PBXVariantGroup;
			children = (
				82DEA81019525D1C00C526FF /* Base */,
			);
			name = Main.storyboard;
			sourceTree = "<group>";
		};
/* End PBXVariantGroup section */

/* Begin XCBuildConfiguration section */
		82DEA82019525D1D00C526FF /* Debug */ = {
			isa = XCBuildConfiguration;
			buildSettings = {
				ALWAYS_SEARCH_USER_PATHS = NO;
				CLANG_CXX_LANGUAGE_STANDARD = "gnu++0x";
				CLANG_CXX_LIBRARY = "libc++";
				CLANG_ENABLE_MODULES = YES;
				CLANG_ENABLE_OBJC_ARC = YES;
				CLANG_WARN_BOOL_CONVERSION = YES;
				CLANG_WARN_CONSTANT_CONVERSION = YES;
				CLANG_WARN_DIRECT_OBJC_ISA_USAGE = YES_ERROR;
				CLANG_WARN_EMPTY_BODY = YES;
				CLANG_WARN_ENUM_CONVERSION = YES;
				CLANG_WARN_INT_CONVERSION = YES;
				CLANG_WARN_OBJC_ROOT_CLASS = YES_ERROR;
				CLANG_WARN_UNREACHABLE_CODE = YES;
				CLANG_WARN__DUPLICATE_METHOD_MATCH = YES;
				"CODE_SIGN_IDENTITY[sdk=iphoneos*]" = "iPhone Developer";
				COPY_PHASE_STRIP = NO;
				ENABLE_STRICT_OBJC_MSGSEND = YES;
				GCC_C_LANGUAGE_STANDARD = gnu99;
				GCC_DYNAMIC_NO_PIC = NO;
				GCC_OPTIMIZATION_LEVEL = 0;
				GCC_PREPROCESSOR_DEFINITIONS = (
					"DEBUG=1",
					"$(inherited)",
				);
				GCC_SYMBOLS_PRIVATE_EXTERN = NO;
				GCC_WARN_64_TO_32_BIT_CONVERSION = YES;
				GCC_WARN_ABOUT_RETURN_TYPE = YES_ERROR;
				GCC_WARN_UNDECLARED_SELECTOR = YES;
				GCC_WARN_UNINITIALIZED_AUTOS = YES_AGGRESSIVE;
				GCC_WARN_UNUSED_FUNCTION = YES;
				GCC_WARN_UNUSED_VARIABLE = YES;
				IPHONEOS_DEPLOYMENT_TARGET = 8.0;
				METAL_ENABLE_DEBUG_INFO = YES;
				ONLY_ACTIVE_ARCH = YES;
				SDKROOT = iphoneos;
			};
			name = Debug;
		};
		82DEA82119525D1D00C526FF /* Release */ = {
			isa = XCBuildConfiguration;
			buildSettings = {
				ALWAYS_SEARCH_USER_PATHS = NO;
				CLANG_CXX_LANGUAGE_STANDARD = "gnu++0x";
				CLANG_CXX_LIBRARY = "libc++";
				CLANG_ENABLE_MODULES = YES;
				CLANG_ENABLE_OBJC_ARC = YES;
				CLANG_WARN_BOOL_CONVERSION = YES;
				CLANG_WARN_CONSTANT_CONVERSION = YES;
				CLANG_WARN_DIRECT_OBJC_ISA_USAGE = YES_ERROR;
				CLANG_WARN_EMPTY_BODY = YES;
				CLANG_WARN_ENUM_CONVERSION = YES;
				CLANG_WARN_INT_CONVERSION = YES;
				CLANG_WARN_OBJC_ROOT_CLASS = YES_ERROR;
				CLANG_WARN_UNREACHABLE_CODE = YES;
				CLANG_WARN__DUPLICATE_METHOD_MATCH = YES;
				"CODE_SIGN_IDENTITY[sdk=iphoneos*]" = "iPhone Developer";
				COPY_PHASE_STRIP = YES;
				ENABLE_NS_ASSERTIONS = NO;
				ENABLE_STRICT_OBJC_MSGSEND = YES;
				GCC_C_LANGUAGE_STANDARD = gnu99;
				GCC_WARN_64_TO_32_BIT_CONVERSION = YES;
				GCC_WARN_ABOUT_RETURN_TYPE = YES_ERROR;
				GCC_WARN_UNDECLARED_SELECTOR = YES;
				GCC_WARN_UNINITIALIZED_AUTOS = YES_AGGRESSIVE;
				GCC_WARN_UNUSED_FUNCTION = YES;
				GCC_WARN_UNUSED_VARIABLE = YES;
				IPHONEOS_DEPLOYMENT_TARGET = 8.0;
				METAL_ENABLE_DEBUG_INFO = NO;
				SDKROOT = iphoneos;
				VALIDATE_PRODUCT = YES;
			};
			name = Release;
		};
		82DEA82319525D1D00C526FF /* Debug */ = {
			isa = XCBuildConfiguration;
			buildSettings = {
				ASSETCATALOG_COMPILER_APPICON_NAME = AppIcon;
				ASSETCATALOG_COMPILER_LAUNCHIMAGE_NAME = LaunchImage;
				CODE_SIGN_IDENTITY = "iPhone Developer";
				"CODE_SIGN_IDENTITY[sdk=iphoneos*]" = "iPhone Developer";
				FRAMEWORK_SEARCH_PATHS = (
					"$(inherited)",
					"$(PROJECT_DIR)/SecretHandshake/Vendor/LROAuth2Client/Vendor/ASIHTTPRequest/External/GHUnit/Examples/MyTestable-MacOSX/Libraries",
					"$(PROJECT_DIR)/SecretHandshake/Vendor/LROAuth2Client/Vendor/yajl-objc/Project/Frameworks",
				);
				GCC_PREFIX_HEADER = "";
				HEADER_SEARCH_PATHS = (
					"/Applications/Xcode6-Beta2.app/Contents/Developer/Toolchains/XcodeDefault.xctoolchain/usr/include",
					"$(inherited)",
				);
				INFOPLIST_FILE = SecretHandshake/Info.plist;
				IPHONEOS_DEPLOYMENT_TARGET = 7.0;
				LD_RUNPATH_SEARCH_PATHS = "$(inherited) @executable_path/Frameworks";
				LIBRARY_SEARCH_PATHS = (
					"$(inherited)",
					"$(PROJECT_DIR)/SecretHandshake/Vendor/LROAuth2Client/Vendor/ASIHTTPRequest/External/GHUnit/Examples/MyTestable-IPhone/Libraries/libGHUnitIPhone3_0-0.4.18",
					"$(PROJECT_DIR)/SecretHandshake/Vendor/LROAuth2Client/Vendor/yajl-objc/Project-IPhone/Libraries/GHUnit",
					"$(PROJECT_DIR)/SecretHandshake",
				);
				ONLY_ACTIVE_ARCH = NO;
				OTHER_LDFLAGS = "";
				PRODUCT_NAME = "$(TARGET_NAME)";
				PROVISIONING_PROFILE = "";
				TARGETED_DEVICE_FAMILY = "1,2";
				VALID_ARCHS = "arm64 armv7 armv7s $(ARCHS_STANDARD_32_BIT)";
			};
			name = Debug;
		};
		82DEA82419525D1D00C526FF /* Release */ = {
			isa = XCBuildConfiguration;
			buildSettings = {
				ASSETCATALOG_COMPILER_APPICON_NAME = AppIcon;
				ASSETCATALOG_COMPILER_LAUNCHIMAGE_NAME = LaunchImage;
				CODE_SIGN_IDENTITY = "iPhone Developer";
				"CODE_SIGN_IDENTITY[sdk=iphoneos*]" = "iPhone Developer";
				FRAMEWORK_SEARCH_PATHS = (
					"$(inherited)",
					"$(PROJECT_DIR)/SecretHandshake/Vendor/LROAuth2Client/Vendor/ASIHTTPRequest/External/GHUnit/Examples/MyTestable-MacOSX/Libraries",
					"$(PROJECT_DIR)/SecretHandshake/Vendor/LROAuth2Client/Vendor/yajl-objc/Project/Frameworks",
				);
				GCC_PREFIX_HEADER = "";
				HEADER_SEARCH_PATHS = (
					"/Applications/Xcode6-Beta2.app/Contents/Developer/Toolchains/XcodeDefault.xctoolchain/usr/include",
					"$(inherited)",
				);
				INFOPLIST_FILE = SecretHandshake/Info.plist;
				IPHONEOS_DEPLOYMENT_TARGET = 7.0;
				LD_RUNPATH_SEARCH_PATHS = "$(inherited) @executable_path/Frameworks";
				LIBRARY_SEARCH_PATHS = (
					"$(inherited)",
					"$(PROJECT_DIR)/SecretHandshake/Vendor/LROAuth2Client/Vendor/ASIHTTPRequest/External/GHUnit/Examples/MyTestable-IPhone/Libraries/libGHUnitIPhone3_0-0.4.18",
					"$(PROJECT_DIR)/SecretHandshake/Vendor/LROAuth2Client/Vendor/yajl-objc/Project-IPhone/Libraries/GHUnit",
					"$(PROJECT_DIR)/SecretHandshake",
				);
				OTHER_LDFLAGS = "";
				PRODUCT_NAME = "$(TARGET_NAME)";
				PROVISIONING_PROFILE = "";
				TARGETED_DEVICE_FAMILY = "1,2";
				VALID_ARCHS = "arm64 armv7 armv7s $(ARCHS_STANDARD_32_BIT)";
			};
			name = Release;
		};
		82DEA82619525D1D00C526FF /* Debug */ = {
			isa = XCBuildConfiguration;
			buildSettings = {
				BUNDLE_LOADER = "$(BUILT_PRODUCTS_DIR)/SecretHandshake.app/SecretHandshake";
				FRAMEWORK_SEARCH_PATHS = (
					"$(SDKROOT)/Developer/Library/Frameworks",
					"$(inherited)",
				);
				GCC_PREPROCESSOR_DEFINITIONS = (
					"DEBUG=1",
					"$(inherited)",
				);
				INFOPLIST_FILE = SecretHandshakeTests/Info.plist;
				IPHONEOS_DEPLOYMENT_TARGET = 7.1;
				LD_RUNPATH_SEARCH_PATHS = "$(inherited) @executable_path/Frameworks @loader_path/Frameworks";
				METAL_ENABLE_DEBUG_INFO = YES;
				PRODUCT_NAME = "$(TARGET_NAME)";
				TEST_HOST = "$(BUNDLE_LOADER)";
			};
			name = Debug;
		};
		82DEA82719525D1D00C526FF /* Release */ = {
			isa = XCBuildConfiguration;
			buildSettings = {
				BUNDLE_LOADER = "$(BUILT_PRODUCTS_DIR)/SecretHandshake.app/SecretHandshake";
				FRAMEWORK_SEARCH_PATHS = (
					"$(SDKROOT)/Developer/Library/Frameworks",
					"$(inherited)",
				);
				INFOPLIST_FILE = SecretHandshakeTests/Info.plist;
				IPHONEOS_DEPLOYMENT_TARGET = 7.1;
				LD_RUNPATH_SEARCH_PATHS = "$(inherited) @executable_path/Frameworks @loader_path/Frameworks";
				METAL_ENABLE_DEBUG_INFO = NO;
				PRODUCT_NAME = "$(TARGET_NAME)";
				TEST_HOST = "$(BUNDLE_LOADER)";
			};
			name = Release;
		};
/* End XCBuildConfiguration section */

/* Begin XCConfigurationList section */
		82DEA7F719525D1C00C526FF /* Build configuration list for PBXProject "SecretHandshake" */ = {
			isa = XCConfigurationList;
			buildConfigurations = (
				82DEA82019525D1D00C526FF /* Debug */,
				82DEA82119525D1D00C526FF /* Release */,
			);
			defaultConfigurationIsVisible = 0;
			defaultConfigurationName = Release;
		};
		82DEA82219525D1D00C526FF /* Build configuration list for PBXNativeTarget "SecretHandshake" */ = {
			isa = XCConfigurationList;
			buildConfigurations = (
				82DEA82319525D1D00C526FF /* Debug */,
				82DEA82419525D1D00C526FF /* Release */,
			);
			defaultConfigurationIsVisible = 0;
			defaultConfigurationName = Release;
		};
		82DEA82519525D1D00C526FF /* Build configuration list for PBXNativeTarget "SecretHandshakeTests" */ = {
			isa = XCConfigurationList;
			buildConfigurations = (
				82DEA82619525D1D00C526FF /* Debug */,
				82DEA82719525D1D00C526FF /* Release */,
			);
			defaultConfigurationIsVisible = 0;
			defaultConfigurationName = Release;
		};
/* End XCConfigurationList section */

/* Begin XCVersionGroup section */
		82DEA80619525D1C00C526FF /* SecretHandshake.xcdatamodeld */ = {
			isa = XCVersionGroup;
			children = (
				82DEA80719525D1C00C526FF /* SecretHandshake.xcdatamodel */,
			);
			currentVersion = 82DEA80719525D1C00C526FF /* SecretHandshake.xcdatamodel */;
			path = SecretHandshake.xcdatamodeld;
			sourceTree = "<group>";
			versionGroupType = wrapper.xcdatamodel;
		};
/* End XCVersionGroup section */
	};
	rootObject = 82DEA7F419525D1C00C526FF /* Project object */;
}
